// !$*UTF8*$!
{
	archiveVersion = 1;
	classes = {
	};
	objectVersion = 50;
	objects = {

/* Begin PBXBuildFile section */
		0115CB5821410F37001613E8 /* XTSoundPlayer.m in Sources */ = {isa = PBXBuildFile; fileRef = 0115CB5721410F37001613E8 /* XTSoundPlayer.m */; };
		011A82AF213FF13500AB2363 /* ImageHelper.m in Sources */ = {isa = PBXBuildFile; fileRef = 011A82AE213FF13500AB2363 /* ImageHelper.m */; };
		011A82B2213FF20400AB2363 /* UIViewExt.m in Sources */ = {isa = PBXBuildFile; fileRef = 011A82B1213FF20400AB2363 /* UIViewExt.m */; };
		011A82BC213FF27A00AB2363 /* VideoViewController.m in Sources */ = {isa = PBXBuildFile; fileRef = 011A82B3213FF27A00AB2363 /* VideoViewController.m */; };
		011A82BD213FF27A00AB2363 /* ScanViewController.m in Sources */ = {isa = PBXBuildFile; fileRef = 011A82B6213FF27A00AB2363 /* ScanViewController.m */; };
		011A82BE213FF27A00AB2363 /* ViewController.m in Sources */ = {isa = PBXBuildFile; fileRef = 011A82B8213FF27A00AB2363 /* ViewController.m */; };
		011A82BF213FF27A00AB2363 /* QRCodeViewController.m in Sources */ = {isa = PBXBuildFile; fileRef = 011A82BA213FF27A00AB2363 /* QRCodeViewController.m */; };
		011A82C0213FF27A00AB2363 /* VideoViewController.xib in Resources */ = {isa = PBXBuildFile; fileRef = 011A82BB213FF27A00AB2363 /* VideoViewController.xib */; };
		011A82C3213FF47500AB2363 /* BaseVC.m in Sources */ = {isa = PBXBuildFile; fileRef = 011A82C2213FF47500AB2363 /* BaseVC.m */; };
		011A82C6213FF4EC00AB2363 /* HomeVC.m in Sources */ = {isa = PBXBuildFile; fileRef = 011A82C5213FF4EC00AB2363 /* HomeVC.m */; };
		011A82C9213FFF6800AB2363 /* HomeCell.m in Sources */ = {isa = PBXBuildFile; fileRef = 011A82C8213FFF6800AB2363 /* HomeCell.m */; };
		011A82CC214003B900AB2363 /* NSArray+VAInfo.m in Sources */ = {isa = PBXBuildFile; fileRef = 011A82CA214003B900AB2363 /* NSArray+VAInfo.m */; };
		011A82D12140C84C00AB2363 /* HomeModel.m in Sources */ = {isa = PBXBuildFile; fileRef = 011A82D02140C84C00AB2363 /* HomeModel.m */; };
		01230B9D217AC7C9000F4CD3 /* model_flowers_v0.00001.tar in Resources */ = {isa = PBXBuildFile; fileRef = 01230B99217AC7C9000F4CD3 /* model_flowers_v0.00001.tar */; };
		01230B9E217AC7C9000F4CD3 /* model_dog_v0.00001.tar in Resources */ = {isa = PBXBuildFile; fileRef = 01230B9A217AC7C9000F4CD3 /* model_dog_v0.00001.tar */; };
		01230B9F217AC7C9000F4CD3 /* model_celebrities_v0.00001.tar in Resources */ = {isa = PBXBuildFile; fileRef = 01230B9B217AC7C9000F4CD3 /* model_celebrities_v0.00001.tar */; };
		01230BA0217AC7C9000F4CD3 /* model_couples_v0.00001.tar in Resources */ = {isa = PBXBuildFile; fileRef = 01230B9C217AC7C9000F4CD3 /* model_couples_v0.00001.tar */; };
		01230BA5217ACBE2000F4CD3 /* Localizable.strings in Resources */ = {isa = PBXBuildFile; fileRef = 01230BA7217ACBE2000F4CD3 /* Localizable.strings */; };
		01230BAB217AD3FA000F4CD3 /* UIColor+Common.m in Sources */ = {isa = PBXBuildFile; fileRef = 01230BAA217AD3FA000F4CD3 /* UIColor+Common.m */; };
		01230BB0217B21D6000F4CD3 /* 安以轩_陈荣炼.jpg in Resources */ = {isa = PBXBuildFile; fileRef = 01230BAF217B21D6000F4CD3 /* 安以轩_陈荣炼.jpg */; };
		01230C14217B228F000F4CD3 /* 沈梦辰_杜海涛.jpg in Resources */ = {isa = PBXBuildFile; fileRef = 01230BB1217B226F000F4CD3 /* 沈梦辰_杜海涛.jpg */; };
		01230C15217B228F000F4CD3 /* 胡杏儿_李乘德.jpg in Resources */ = {isa = PBXBuildFile; fileRef = 01230BB2217B226F000F4CD3 /* 胡杏儿_李乘德.jpg */; };
		01230C16217B228F000F4CD3 /* 高圆圆_赵又廷.jpg in Resources */ = {isa = PBXBuildFile; fileRef = 01230BB3217B226F000F4CD3 /* 高圆圆_赵又廷.jpg */; };
		01230C17217B228F000F4CD3 /* 陈冠希_秦舒培.jpg in Resources */ = {isa = PBXBuildFile; fileRef = 01230BB4217B2270000F4CD3 /* 陈冠希_秦舒培.jpg */; };
		01230C18217B228F000F4CD3 /* 李晨_范冰冰.jpg in Resources */ = {isa = PBXBuildFile; fileRef = 01230BB5217B2270000F4CD3 /* 李晨_范冰冰.jpg */; };
		01230C19217B228F000F4CD3 /* 任嘉伦_聂欢.jpg in Resources */ = {isa = PBXBuildFile; fileRef = 01230BB6217B2270000F4CD3 /* 任嘉伦_聂欢.jpg */; };
		01230C1A217B228F000F4CD3 /* 杜江_霍思燕.jpg in Resources */ = {isa = PBXBuildFile; fileRef = 01230BB7217B2270000F4CD3 /* 杜江_霍思燕.jpg */; };
		01230C1B217B228F000F4CD3 /* 范冰冰_李晨.jpg in Resources */ = {isa = PBXBuildFile; fileRef = 01230BB8217B2271000F4CD3 /* 范冰冰_李晨.jpg */; };
		01230C1C217B228F000F4CD3 /* 伊能静_秦昊.jpg in Resources */ = {isa = PBXBuildFile; fileRef = 01230BB9217B2271000F4CD3 /* 伊能静_秦昊.jpg */; };
		01230C1D217B228F000F4CD3 /* 王力宏_李靓蕾.jpg in Resources */ = {isa = PBXBuildFile; fileRef = 01230BBA217B2271000F4CD3 /* 王力宏_李靓蕾.jpg */; };
		01230C1E217B228F000F4CD3 /* 周润发_陈荟莲.jpg in Resources */ = {isa = PBXBuildFile; fileRef = 01230BBB217B2272000F4CD3 /* 周润发_陈荟莲.jpg */; };
		01230C1F217B228F000F4CD3 /* 陈妍希_陈晓.jpg in Resources */ = {isa = PBXBuildFile; fileRef = 01230BBC217B2272000F4CD3 /* 陈妍希_陈晓.jpg */; };
		01230C20217B228F000F4CD3 /* 董璇_高云翔.jpg in Resources */ = {isa = PBXBuildFile; fileRef = 01230BBD217B2272000F4CD3 /* 董璇_高云翔.jpg */; };
		01230C21217B228F000F4CD3 /* 姚晨_曹郁.jpg in Resources */ = {isa = PBXBuildFile; fileRef = 01230BBE217B2272000F4CD3 /* 姚晨_曹郁.jpg */; };
		01230C22217B228F000F4CD3 /* 黄磊_孙莉.jpg in Resources */ = {isa = PBXBuildFile; fileRef = 01230BBF217B2273000F4CD3 /* 黄磊_孙莉.jpg */; };
		01230C23217B228F000F4CD3 /* 成龙_林凤娇.jpg in Resources */ = {isa = PBXBuildFile; fileRef = 01230BC0217B2273000F4CD3 /* 成龙_林凤娇.jpg */; };
		01230C24217B228F000F4CD3 /* 杨丞琳_李荣浩.jpg in Resources */ = {isa = PBXBuildFile; fileRef = 01230BC1217B2273000F4CD3 /* 杨丞琳_李荣浩.jpg */; };
		01230C25217B228F000F4CD3 /* 徐熙娣_许雅钧.jpg in Resources */ = {isa = PBXBuildFile; fileRef = 01230BC2217B2273000F4CD3 /* 徐熙娣_许雅钧.jpg */; };
		01230C26217B228F000F4CD3 /* 周渝民_喻虹渊.jpg in Resources */ = {isa = PBXBuildFile; fileRef = 01230BC3217B2274000F4CD3 /* 周渝民_喻虹渊.jpg */; };
		01230C27217B228F000F4CD3 /* 林志颖_陈若仪.jpg in Resources */ = {isa = PBXBuildFile; fileRef = 01230BC4217B2274000F4CD3 /* 林志颖_陈若仪.jpg */; };
		01230C28217B228F000F4CD3 /* 赵雅芝_黄锦燊.jpg in Resources */ = {isa = PBXBuildFile; fileRef = 01230BC5217B2274000F4CD3 /* 赵雅芝_黄锦燊.jpg */; };
		01230C29217B228F000F4CD3 /* 刘涛_王珂.jpg in Resources */ = {isa = PBXBuildFile; fileRef = 01230BC6217B2275000F4CD3 /* 刘涛_王珂.jpg */; };
		01230C2A217B228F000F4CD3 /* 景甜_张继科.jpg in Resources */ = {isa = PBXBuildFile; fileRef = 01230BC7217B2275000F4CD3 /* 景甜_张继科.jpg */; };
		01230C2B217B228F000F4CD3 /* 李沁_华汉.jpg in Resources */ = {isa = PBXBuildFile; fileRef = 01230BC8217B2275000F4CD3 /* 李沁_华汉.jpg */; };
		01230C2C217B228F000F4CD3 /* 佟丽娅_陈思诚.jpg in Resources */ = {isa = PBXBuildFile; fileRef = 01230BC9217B2275000F4CD3 /* 佟丽娅_陈思诚.jpg */; };
		01230C2D217B228F000F4CD3 /* 郑秀文_许志安.jpg in Resources */ = {isa = PBXBuildFile; fileRef = 01230BCA217B2276000F4CD3 /* 郑秀文_许志安.jpg */; };
		01230C2E217B228F000F4CD3 /* 包贝尔_包文婧.jpg in Resources */ = {isa = PBXBuildFile; fileRef = 01230BCB217B2276000F4CD3 /* 包贝尔_包文婧.jpg */; };
		01230C2F217B228F000F4CD3 /* 余文乐_王棠云.jpg in Resources */ = {isa = PBXBuildFile; fileRef = 01230BCC217B2276000F4CD3 /* 余文乐_王棠云.jpg */; };
		01230C30217B228F000F4CD3 /* 马伊琍_文章.jpg in Resources */ = {isa = PBXBuildFile; fileRef = 01230BCD217B2277000F4CD3 /* 马伊琍_文章.jpg */; };
		01230C31217B228F000F4CD3 /* 张丹峰_洪欣.jpg in Resources */ = {isa = PBXBuildFile; fileRef = 01230BCE217B2277000F4CD3 /* 张丹峰_洪欣.jpg */; };
		01230C32217B228F000F4CD3 /* 段奕宏_王瑾.jpg in Resources */ = {isa = PBXBuildFile; fileRef = 01230BCF217B2277000F4CD3 /* 段奕宏_王瑾.jpg */; };
		01230C33217B228F000F4CD3 /* 付辛博_颖儿.jpg in Resources */ = {isa = PBXBuildFile; fileRef = 01230BD0217B2278000F4CD3 /* 付辛博_颖儿.jpg */; };
		01230C34217B228F000F4CD3 /* 李光洁_王珞丹.jpg in Resources */ = {isa = PBXBuildFile; fileRef = 01230BD1217B2278000F4CD3 /* 李光洁_王珞丹.jpg */; };
		01230C35217B228F000F4CD3 /* 张歆艺_袁弘.jpg in Resources */ = {isa = PBXBuildFile; fileRef = 01230BD2217B2278000F4CD3 /* 张歆艺_袁弘.jpg */; };
		01230C36217B228F000F4CD3 /* 周迅_高圣远.jpg in Resources */ = {isa = PBXBuildFile; fileRef = 01230BD3217B2279000F4CD3 /* 周迅_高圣远.jpg */; };
		01230C37217B228F000F4CD3 /* 鹿晗_关晓彤.jpg in Resources */ = {isa = PBXBuildFile; fileRef = 01230BD4217B2279000F4CD3 /* 鹿晗_关晓彤.jpg */; };
		01230C38217B228F000F4CD3 /* 郑爽_张恒.jpg in Resources */ = {isa = PBXBuildFile; fileRef = 01230BD5217B227A000F4CD3 /* 郑爽_张恒.jpg */; };
		01230C39217B228F000F4CD3 /* 周杰伦_昆凌.jpg in Resources */ = {isa = PBXBuildFile; fileRef = 01230BD6217B227A000F4CD3 /* 周杰伦_昆凌.jpg */; };
		01230C3A217B228F000F4CD3 /* 唐艺昕_张若昀.jpg in Resources */ = {isa = PBXBuildFile; fileRef = 01230BD7217B227B000F4CD3 /* 唐艺昕_张若昀.jpg */; };
		01230C3B217B228F000F4CD3 /* 孙艺洲_曹晓雯.jpg in Resources */ = {isa = PBXBuildFile; fileRef = 01230BD8217B227B000F4CD3 /* 孙艺洲_曹晓雯.jpg */; };
		01230C3C217B228F000F4CD3 /* 李小璐_贾乃亮.jpg in Resources */ = {isa = PBXBuildFile; fileRef = 01230BD9217B227B000F4CD3 /* 李小璐_贾乃亮.jpg */; };
		01230C3D217B228F000F4CD3 /* 张馨予_何捷.jpg in Resources */ = {isa = PBXBuildFile; fileRef = 01230BDA217B227C000F4CD3 /* 张馨予_何捷.jpg */; };
		01230C3E217B228F000F4CD3 /* 贾静雯_修杰楷.jpg in Resources */ = {isa = PBXBuildFile; fileRef = 01230BDB217B227C000F4CD3 /* 贾静雯_修杰楷.jpg */; };
		01230C3F217B228F000F4CD3 /* 汪涵_杨乐乐.jpg in Resources */ = {isa = PBXBuildFile; fileRef = 01230BDC217B227D000F4CD3 /* 汪涵_杨乐乐.jpg */; };
		01230C40217B228F000F4CD3 /* 赵薇_黄有龙.jpg in Resources */ = {isa = PBXBuildFile; fileRef = 01230BDD217B227D000F4CD3 /* 赵薇_黄有龙.jpg */; };
		01230C41217B228F000F4CD3 /* 张国立_邓婕.jpg in Resources */ = {isa = PBXBuildFile; fileRef = 01230BDE217B227D000F4CD3 /* 张国立_邓婕.jpg */; };
		01230C42217B228F000F4CD3 /* 谢娜_ 张杰.jpg in Resources */ = {isa = PBXBuildFile; fileRef = 01230BDF217B227E000F4CD3 /* 谢娜_ 张杰.jpg */; };
		01230C43217B228F000F4CD3 /* 霍建华_林心如.jpg in Resources */ = {isa = PBXBuildFile; fileRef = 01230BE0217B227E000F4CD3 /* 霍建华_林心如.jpg */; };
		01230C44217B228F000F4CD3 /* 林宥嘉_丁文琪.jpg in Resources */ = {isa = PBXBuildFile; fileRef = 01230BE1217B227E000F4CD3 /* 林宥嘉_丁文琪.jpg */; };
		01230C45217B228F000F4CD3 /* 刘嘉玲_梁朝伟.jpg in Resources */ = {isa = PBXBuildFile; fileRef = 01230BE2217B227E000F4CD3 /* 刘嘉玲_梁朝伟.jpg */; };
		01230C46217B228F000F4CD3 /* 薛之谦_高磊鑫.jpg in Resources */ = {isa = PBXBuildFile; fileRef = 01230BE3217B227F000F4CD3 /* 薛之谦_高磊鑫.jpg */; };
		01230C47217B228F000F4CD3 /* 莫文蔚_Johannes.jpg in Resources */ = {isa = PBXBuildFile; fileRef = 01230BE4217B227F000F4CD3 /* 莫文蔚_Johannes.jpg */; };
		01230C48217B228F000F4CD3 /* 罗志祥_周扬青.jpg in Resources */ = {isa = PBXBuildFile; fileRef = 01230BE5217B2280000F4CD3 /* 罗志祥_周扬青.jpg */; };
		01230C49217B228F000F4CD3 /* 雷佳音_翟煦飞.jpg in Resources */ = {isa = PBXBuildFile; fileRef = 01230BE6217B2280000F4CD3 /* 雷佳音_翟煦飞.jpg */; };
		01230C4A217B228F000F4CD3 /* 韩庚_卢靖姗.jpg in Resources */ = {isa = PBXBuildFile; fileRef = 01230BE7217B2281000F4CD3 /* 韩庚_卢靖姗.jpg */; };
		01230C4B217B228F000F4CD3 /* 唐嫣_罗晋.jpg in Resources */ = {isa = PBXBuildFile; fileRef = 01230BE8217B2281000F4CD3 /* 唐嫣_罗晋.jpg */; };
		01230C4C217B228F000F4CD3 /* 徐熙媛_汪小菲.jpg in Resources */ = {isa = PBXBuildFile; fileRef = 01230BE9217B2281000F4CD3 /* 徐熙媛_汪小菲.jpg */; };
		01230C4D217B228F000F4CD3 /* 胡先煦_刁卓.jpg in Resources */ = {isa = PBXBuildFile; fileRef = 01230BEA217B2282000F4CD3 /* 胡先煦_刁卓.jpg */; };
		01230C4E217B228F000F4CD3 /* 李佳航_李晟.jpg in Resources */ = {isa = PBXBuildFile; fileRef = 01230BEB217B2282000F4CD3 /* 李佳航_李晟.jpg */; };
		01230C4F217B228F000F4CD3 /* 蓝盈莹_曹骏.jpg in Resources */ = {isa = PBXBuildFile; fileRef = 01230BEC217B2282000F4CD3 /* 蓝盈莹_曹骏.jpg */; };
		01230C50217B228F000F4CD3 /* 刘诗诗_吴奇隆.jpg in Resources */ = {isa = PBXBuildFile; fileRef = 01230BED217B2283000F4CD3 /* 刘诗诗_吴奇隆.jpg */; };
		01230C51217B228F000F4CD3 /* 乔振宇_王倩一.jpg in Resources */ = {isa = PBXBuildFile; fileRef = 01230BEE217B2283000F4CD3 /* 乔振宇_王倩一.jpg */; };
		01230C52217B228F000F4CD3 /* 林依晨_林于超.jpg in Resources */ = {isa = PBXBuildFile; fileRef = 01230BEF217B2283000F4CD3 /* 林依晨_林于超.jpg */; };
		01230C53217B228F000F4CD3 /* 那英_孟桐.jpg in Resources */ = {isa = PBXBuildFile; fileRef = 01230BF0217B2284000F4CD3 /* 那英_孟桐.jpg */; };
		01230C54217B228F000F4CD3 /* 陆毅_鲍蕾.jpg in Resources */ = {isa = PBXBuildFile; fileRef = 01230BF1217B2284000F4CD3 /* 陆毅_鲍蕾.jpg */; };
		01230C55217B228F000F4CD3 /* 张智霖_袁咏仪.jpg in Resources */ = {isa = PBXBuildFile; fileRef = 01230BF2217B2285000F4CD3 /* 张智霖_袁咏仪.jpg */; };
		01230C56217B228F000F4CD3 /* 舒淇_冯德伦.jpg in Resources */ = {isa = PBXBuildFile; fileRef = 01230BF3217B2285000F4CD3 /* 舒淇_冯德伦.jpg */; };
		01230C57217B228F000F4CD3 /* 吴尊_林丽莹.jpg in Resources */ = {isa = PBXBuildFile; fileRef = 01230BF4217B2285000F4CD3 /* 吴尊_林丽莹.jpg */; };
		01230C58217B228F000F4CD3 /* 孙怡_董子健.jpg in Resources */ = {isa = PBXBuildFile; fileRef = 01230BF5217B2286000F4CD3 /* 孙怡_董子健.jpg */; };
		01230C59217B228F000F4CD3 /* 王祖蓝_李亚男.jpg in Resources */ = {isa = PBXBuildFile; fileRef = 01230BF6217B2286000F4CD3 /* 王祖蓝_李亚男.jpg */; };
		01230C5A217B228F000F4CD3 /* 小沈阳_沈春阳.jpg in Resources */ = {isa = PBXBuildFile; fileRef = 01230BF7217B2286000F4CD3 /* 小沈阳_沈春阳.jpg */; };
		01230C5B217B228F000F4CD3 /* 李小冉_徐佳宁.jpg in Resources */ = {isa = PBXBuildFile; fileRef = 01230BF8217B2287000F4CD3 /* 李小冉_徐佳宁.jpg */; };
		01230C5C217B228F000F4CD3 /* 章子怡_汪峰.jpg in Resources */ = {isa = PBXBuildFile; fileRef = 01230BF9217B2287000F4CD3 /* 章子怡_汪峰.jpg */; };
		01230C5D217B228F000F4CD3 /* 郭德纲_王惠.jpg in Resources */ = {isa = PBXBuildFile; fileRef = 01230BFA217B2287000F4CD3 /* 郭德纲_王惠.jpg */; };
		01230C5E217B228F000F4CD3 /* 孙俪_邓超.jpg in Resources */ = {isa = PBXBuildFile; fileRef = 01230BFB217B2288000F4CD3 /* 孙俪_邓超.jpg */; };
		01230C5F217B228F000F4CD3 /* 王栎鑫_吴雅婷.jpg in Resources */ = {isa = PBXBuildFile; fileRef = 01230BFC217B2288000F4CD3 /* 王栎鑫_吴雅婷.jpg */; };
		01230C60217B228F000F4CD3 /* 古巨基_陈英雪.jpg in Resources */ = {isa = PBXBuildFile; fileRef = 01230BFD217B2288000F4CD3 /* 古巨基_陈英雪.jpg */; };
		01230C61217B228F000F4CD3 /* 陈赫_张子萱.jpg in Resources */ = {isa = PBXBuildFile; fileRef = 01230BFE217B2289000F4CD3 /* 陈赫_张子萱.jpg */; };
		01230C62217B228F000F4CD3 /* 斯琴高娃_陈亮声.jpg in Resources */ = {isa = PBXBuildFile; fileRef = 01230BFF217B2289000F4CD3 /* 斯琴高娃_陈亮声.jpg */; };
		01230C63217B228F000F4CD3 /* 朱亚文_沈佳妮.jpg in Resources */ = {isa = PBXBuildFile; fileRef = 01230C00217B2289000F4CD3 /* 朱亚文_沈佳妮.jpg */; };
		01230C64217B228F000F4CD3 /* 佟大为_关悦.jpg in Resources */ = {isa = PBXBuildFile; fileRef = 01230C01217B228A000F4CD3 /* 佟大为_关悦.jpg */; };
		01230C65217B228F000F4CD3 /* 袁泉_夏雨.jpg in Resources */ = {isa = PBXBuildFile; fileRef = 01230C02217B228A000F4CD3 /* 袁泉_夏雨.jpg */; };
		01230C66217B228F000F4CD3 /* 邱胜翊_邓丽欣.jpg in Resources */ = {isa = PBXBuildFile; fileRef = 01230C03217B228A000F4CD3 /* 邱胜翊_邓丽欣.jpg */; };
		01230C67217B228F000F4CD3 /* 严屹宽_杜若溪.jpg in Resources */ = {isa = PBXBuildFile; fileRef = 01230C04217B228A000F4CD3 /* 严屹宽_杜若溪.jpg */; };
		01230C68217B228F000F4CD3 /* 蔡少芬_张晋.jpg in Resources */ = {isa = PBXBuildFile; fileRef = 01230C05217B228B000F4CD3 /* 蔡少芬_张晋.jpg */; };
		01230C69217B228F000F4CD3 /* 沙溢_胡可.jpg in Resources */ = {isa = PBXBuildFile; fileRef = 01230C06217B228B000F4CD3 /* 沙溢_胡可.jpg */; };
		01230C6A217B228F000F4CD3 /* 魏晨_于玮.jpg in Resources */ = {isa = PBXBuildFile; fileRef = 01230C07217B228B000F4CD3 /* 魏晨_于玮.jpg */; };
		01230C6B217B228F000F4CD3 /* 陈嘉桦_赖斯翔.jpg in Resources */ = {isa = PBXBuildFile; fileRef = 01230C08217B228B000F4CD3 /* 陈嘉桦_赖斯翔.jpg */; };
		01230C6C217B228F000F4CD3 /* 陈奕迅_徐濠萦.jpg in Resources */ = {isa = PBXBuildFile; fileRef = 01230C09217B228C000F4CD3 /* 陈奕迅_徐濠萦.jpg */; };
		01230C6D217B228F000F4CD3 /* 戚薇_李承铉.jpg in Resources */ = {isa = PBXBuildFile; fileRef = 01230C0A217B228C000F4CD3 /* 戚薇_李承铉.jpg */; };
		01230C6E217B228F000F4CD3 /* 杨幂_刘恺威.jpg in Resources */ = {isa = PBXBuildFile; fileRef = 01230C0B217B228C000F4CD3 /* 杨幂_刘恺威.jpg */; };
		01230C6F217B228F000F4CD3 /* 张雨绮_袁巴元.jpg in Resources */ = {isa = PBXBuildFile; fileRef = 01230C0C217B228D000F4CD3 /* 张雨绮_袁巴元.jpg */; };
		01230C70217B228F000F4CD3 /* 张嘉译_王海燕.jpg in Resources */ = {isa = PBXBuildFile; fileRef = 01230C0D217B228D000F4CD3 /* 张嘉译_王海燕.jpg */; };
		01230C71217B228F000F4CD3 /* 倪妮_井柏然.jpg in Resources */ = {isa = PBXBuildFile; fileRef = 01230C0E217B228D000F4CD3 /* 倪妮_井柏然.jpg */; };
		01230C72217B228F000F4CD3 /* 黄渤_小欧.jpg in Resources */ = {isa = PBXBuildFile; fileRef = 01230C0F217B228E000F4CD3 /* 黄渤_小欧.jpg */; };
		01230C73217B228F000F4CD3 /* 黄晓明_杨颖.jpg in Resources */ = {isa = PBXBuildFile; fileRef = 01230C10217B228E000F4CD3 /* 黄晓明_杨颖.jpg */; };
		01230C74217B228F000F4CD3 /* 范玮琪_陈建州.jpg in Resources */ = {isa = PBXBuildFile; fileRef = 01230C11217B228E000F4CD3 /* 范玮琪_陈建州.jpg */; };
		01230C75217B228F000F4CD3 /* 靳东_李佳.jpg in Resources */ = {isa = PBXBuildFile; fileRef = 01230C12217B228F000F4CD3 /* 靳东_李佳.jpg */; };
		01230C76217B228F000F4CD3 /* 应采儿_陈小春.jpg in Resources */ = {isa = PBXBuildFile; fileRef = 01230C13217B228F000F4CD3 /* 应采儿_陈小春.jpg */; };
		01230C78217C32DA000F4CD3 /* CoreImage.framework in Frameworks */ = {isa = PBXBuildFile; fileRef = 01230C77217C32DA000F4CD3 /* CoreImage.framework */; };
		015090172143D0DA00F87B2E /* BaseNavController.m in Sources */ = {isa = PBXBuildFile; fileRef = 015090162143D0DA00F87B2E /* BaseNavController.m */; };
		0150901A2143E3F100F87B2E /* XTSheetView.m in Sources */ = {isa = PBXBuildFile; fileRef = 015090192143E3F100F87B2E /* XTSheetView.m */; };
		0150901C2143E40200F87B2E /* XTSheetView.xib in Resources */ = {isa = PBXBuildFile; fileRef = 0150901B2143E40200F87B2E /* XTSheetView.xib */; };
		015090242144D31D00F87B2E /* AIUtil.m in Sources */ = {isa = PBXBuildFile; fileRef = 015090232144D31D00F87B2E /* AIUtil.m */; };
		0150902C2144ECBE00F87B2E /* ConnectSuccessVC.m in Sources */ = {isa = PBXBuildFile; fileRef = 0150902B2144ECBE00F87B2E /* ConnectSuccessVC.m */; };
		0150902F2144F21100F87B2E /* SceneRecognitionVC.m in Sources */ = {isa = PBXBuildFile; fileRef = 0150902E2144F21100F87B2E /* SceneRecognitionVC.m */; };
		01509036214530EA00F87B2E /* NetWorking.m in Sources */ = {isa = PBXBuildFile; fileRef = 01509034214530EA00F87B2E /* NetWorking.m */; };
		01509039214BD59E00F87B2E /* NSString+Extension.m in Sources */ = {isa = PBXBuildFile; fileRef = 01509038214BD59D00F87B2E /* NSString+Extension.m */; };
		01816C4F213972BF00101F0C /* AppDelegate.m in Sources */ = {isa = PBXBuildFile; fileRef = 01816C4E213972BF00101F0C /* AppDelegate.m */; };
		01816C55213972BF00101F0C /* Main.storyboard in Resources */ = {isa = PBXBuildFile; fileRef = 01816C53213972BF00101F0C /* Main.storyboard */; };
		01816C57213972C100101F0C /* Assets.xcassets in Resources */ = {isa = PBXBuildFile; fileRef = 01816C56213972C100101F0C /* Assets.xcassets */; };
		01816C5A213972C100101F0C /* LaunchScreen.storyboard in Resources */ = {isa = PBXBuildFile; fileRef = 01816C58213972C100101F0C /* LaunchScreen.storyboard */; };
		01816C5D213972C100101F0C /* main.m in Sources */ = {isa = PBXBuildFile; fileRef = 01816C5C213972C100101F0C /* main.m */; };
		01816C78213A6F8A00101F0C /* NetworkExtension.framework in Frameworks */ = {isa = PBXBuildFile; fileRef = 01816C77213A6F8A00101F0C /* NetworkExtension.framework */; };
		01816C7A213A730800101F0C /* SystemConfiguration.framework in Frameworks */ = {isa = PBXBuildFile; fileRef = 01816C79213A730800101F0C /* SystemConfiguration.framework */; };
		576D81B5BEE93203CF05FFB0 /* libPods-AI.a in Frameworks */ = {isa = PBXBuildFile; fileRef = 84A575072EE0EA378A9A58A3 /* libPods-AI.a */; };
/* End PBXBuildFile section */

/* Begin PBXFileReference section */
		0115CB5621410F37001613E8 /* XTSoundPlayer.h */ = {isa = PBXFileReference; lastKnownFileType = sourcecode.c.h; path = XTSoundPlayer.h; sourceTree = "<group>"; };
		0115CB5721410F37001613E8 /* XTSoundPlayer.m */ = {isa = PBXFileReference; lastKnownFileType = sourcecode.c.objc; path = XTSoundPlayer.m; sourceTree = "<group>"; };
		011A82AD213FF13500AB2363 /* ImageHelper.h */ = {isa = PBXFileReference; fileEncoding = 4; lastKnownFileType = sourcecode.c.h; path = ImageHelper.h; sourceTree = "<group>"; };
		011A82AE213FF13500AB2363 /* ImageHelper.m */ = {isa = PBXFileReference; fileEncoding = 4; lastKnownFileType = sourcecode.c.objc; path = ImageHelper.m; sourceTree = "<group>"; };
		011A82B0213FF20400AB2363 /* UIViewExt.h */ = {isa = PBXFileReference; fileEncoding = 4; lastKnownFileType = sourcecode.c.h; path = UIViewExt.h; sourceTree = "<group>"; };
		011A82B1213FF20400AB2363 /* UIViewExt.m */ = {isa = PBXFileReference; fileEncoding = 4; lastKnownFileType = sourcecode.c.objc; path = UIViewExt.m; sourceTree = "<group>"; };
		011A82B3213FF27A00AB2363 /* VideoViewController.m */ = {isa = PBXFileReference; fileEncoding = 4; lastKnownFileType = sourcecode.c.objc; path = VideoViewController.m; sourceTree = "<group>"; };
		011A82B4213FF27A00AB2363 /* ScanViewController.h */ = {isa = PBXFileReference; fileEncoding = 4; lastKnownFileType = sourcecode.c.h; path = ScanViewController.h; sourceTree = "<group>"; };
		011A82B5213FF27A00AB2363 /* QRCodeViewController.h */ = {isa = PBXFileReference; fileEncoding = 4; lastKnownFileType = sourcecode.c.h; path = QRCodeViewController.h; sourceTree = "<group>"; };
		011A82B6213FF27A00AB2363 /* ScanViewController.m */ = {isa = PBXFileReference; fileEncoding = 4; lastKnownFileType = sourcecode.c.objc; path = ScanViewController.m; sourceTree = "<group>"; };
		011A82B7213FF27A00AB2363 /* ViewController.h */ = {isa = PBXFileReference; fileEncoding = 4; lastKnownFileType = sourcecode.c.h; path = ViewController.h; sourceTree = "<group>"; };
		011A82B8213FF27A00AB2363 /* ViewController.m */ = {isa = PBXFileReference; fileEncoding = 4; lastKnownFileType = sourcecode.c.objc; path = ViewController.m; sourceTree = "<group>"; };
		011A82B9213FF27A00AB2363 /* VideoViewController.h */ = {isa = PBXFileReference; fileEncoding = 4; lastKnownFileType = sourcecode.c.h; path = VideoViewController.h; sourceTree = "<group>"; };
		011A82BA213FF27A00AB2363 /* QRCodeViewController.m */ = {isa = PBXFileReference; fileEncoding = 4; lastKnownFileType = sourcecode.c.objc; path = QRCodeViewController.m; sourceTree = "<group>"; };
		011A82BB213FF27A00AB2363 /* VideoViewController.xib */ = {isa = PBXFileReference; fileEncoding = 4; lastKnownFileType = file.xib; path = VideoViewController.xib; sourceTree = "<group>"; };
		011A82C1213FF47500AB2363 /* BaseVC.h */ = {isa = PBXFileReference; lastKnownFileType = sourcecode.c.h; path = BaseVC.h; sourceTree = "<group>"; };
		011A82C2213FF47500AB2363 /* BaseVC.m */ = {isa = PBXFileReference; lastKnownFileType = sourcecode.c.objc; path = BaseVC.m; sourceTree = "<group>"; };
		011A82C4213FF4EC00AB2363 /* HomeVC.h */ = {isa = PBXFileReference; lastKnownFileType = sourcecode.c.h; path = HomeVC.h; sourceTree = "<group>"; };
		011A82C5213FF4EC00AB2363 /* HomeVC.m */ = {isa = PBXFileReference; lastKnownFileType = sourcecode.c.objc; path = HomeVC.m; sourceTree = "<group>"; };
		011A82C7213FFF6800AB2363 /* HomeCell.h */ = {isa = PBXFileReference; lastKnownFileType = sourcecode.c.h; path = HomeCell.h; sourceTree = "<group>"; };
		011A82C8213FFF6800AB2363 /* HomeCell.m */ = {isa = PBXFileReference; lastKnownFileType = sourcecode.c.objc; path = HomeCell.m; sourceTree = "<group>"; };
		011A82CA214003B900AB2363 /* NSArray+VAInfo.m */ = {isa = PBXFileReference; fileEncoding = 4; lastKnownFileType = sourcecode.c.objc; path = "NSArray+VAInfo.m"; sourceTree = "<group>"; };
		011A82CB214003B900AB2363 /* NSArray+VAInfo.h */ = {isa = PBXFileReference; fileEncoding = 4; lastKnownFileType = sourcecode.c.h; path = "NSArray+VAInfo.h"; sourceTree = "<group>"; };
		011A82CE2140C6B000AB2363 /* Common.h */ = {isa = PBXFileReference; lastKnownFileType = sourcecode.c.h; path = Common.h; sourceTree = "<group>"; };
		011A82CF2140C84C00AB2363 /* HomeModel.h */ = {isa = PBXFileReference; lastKnownFileType = sourcecode.c.h; path = HomeModel.h; sourceTree = "<group>"; };
		011A82D02140C84C00AB2363 /* HomeModel.m */ = {isa = PBXFileReference; lastKnownFileType = sourcecode.c.objc; path = HomeModel.m; sourceTree = "<group>"; };
		011A82D42140D01C00AB2363 /* PrefixHeader.pch */ = {isa = PBXFileReference; lastKnownFileType = sourcecode.c.h; path = PrefixHeader.pch; sourceTree = "<group>"; };
		01230B99217AC7C9000F4CD3 /* model_flowers_v0.00001.tar */ = {isa = PBXFileReference; lastKnownFileType = archive.tar; path = model_flowers_v0.00001.tar; sourceTree = "<group>"; };
		01230B9A217AC7C9000F4CD3 /* model_dog_v0.00001.tar */ = {isa = PBXFileReference; lastKnownFileType = archive.tar; path = model_dog_v0.00001.tar; sourceTree = "<group>"; };
		01230B9B217AC7C9000F4CD3 /* model_celebrities_v0.00001.tar */ = {isa = PBXFileReference; lastKnownFileType = archive.tar; path = model_celebrities_v0.00001.tar; sourceTree = "<group>"; };
		01230B9C217AC7C9000F4CD3 /* model_couples_v0.00001.tar */ = {isa = PBXFileReference; lastKnownFileType = archive.tar; path = model_couples_v0.00001.tar; sourceTree = "<group>"; };
		01230BA1217ACB75000F4CD3 /* zh-Hans */ = {isa = PBXFileReference; lastKnownFileType = text.plist.strings; name = "zh-Hans"; path = "zh-Hans.lproj/Main.strings"; sourceTree = "<group>"; };
		01230BA2217ACB76000F4CD3 /* zh-Hans */ = {isa = PBXFileReference; lastKnownFileType = text.plist.strings; name = "zh-Hans"; path = "zh-Hans.lproj/LaunchScreen.strings"; sourceTree = "<group>"; };
		01230BA6217ACBE2000F4CD3 /* zh-Hans */ = {isa = PBXFileReference; lastKnownFileType = text.plist.strings; name = "zh-Hans"; path = "zh-Hans.lproj/Localizable.strings"; sourceTree = "<group>"; };
		01230BA8217ACBE8000F4CD3 /* en */ = {isa = PBXFileReference; lastKnownFileType = text.plist.strings; name = en; path = en.lproj/Localizable.strings; sourceTree = "<group>"; };
		01230BA9217AD3FA000F4CD3 /* UIColor+Common.h */ = {isa = PBXFileReference; fileEncoding = 4; lastKnownFileType = sourcecode.c.h; path = "UIColor+Common.h"; sourceTree = "<group>"; };
		01230BAA217AD3FA000F4CD3 /* UIColor+Common.m */ = {isa = PBXFileReference; fileEncoding = 4; lastKnownFileType = sourcecode.c.objc; path = "UIColor+Common.m"; sourceTree = "<group>"; };
		01230BAF217B21D6000F4CD3 /* 安以轩_陈荣炼.jpg */ = {isa = PBXFileReference; lastKnownFileType = image.jpeg; path = "安以轩_陈荣炼.jpg"; sourceTree = "<group>"; };
		01230BB1217B226F000F4CD3 /* 沈梦辰_杜海涛.jpg */ = {isa = PBXFileReference; lastKnownFileType = image.jpeg; path = "沈梦辰_杜海涛.jpg"; sourceTree = "<group>"; };
		01230BB2217B226F000F4CD3 /* 胡杏儿_李乘德.jpg */ = {isa = PBXFileReference; lastKnownFileType = image.jpeg; path = "胡杏儿_李乘德.jpg"; sourceTree = "<group>"; };
		01230BB3217B226F000F4CD3 /* 高圆圆_赵又廷.jpg */ = {isa = PBXFileReference; lastKnownFileType = image.jpeg; path = "高圆圆_赵又廷.jpg"; sourceTree = "<group>"; };
		01230BB4217B2270000F4CD3 /* 陈冠希_秦舒培.jpg */ = {isa = PBXFileReference; lastKnownFileType = image.jpeg; path = "陈冠希_秦舒培.jpg"; sourceTree = "<group>"; };
		01230BB5217B2270000F4CD3 /* 李晨_范冰冰.jpg */ = {isa = PBXFileReference; lastKnownFileType = image.jpeg; path = "李晨_范冰冰.jpg"; sourceTree = "<group>"; };
		01230BB6217B2270000F4CD3 /* 任嘉伦_聂欢.jpg */ = {isa = PBXFileReference; lastKnownFileType = image.jpeg; path = "任嘉伦_聂欢.jpg"; sourceTree = "<group>"; };
		01230BB7217B2270000F4CD3 /* 杜江_霍思燕.jpg */ = {isa = PBXFileReference; lastKnownFileType = image.jpeg; path = "杜江_霍思燕.jpg"; sourceTree = "<group>"; };
		01230BB8217B2271000F4CD3 /* 范冰冰_李晨.jpg */ = {isa = PBXFileReference; lastKnownFileType = image.jpeg; path = "范冰冰_李晨.jpg"; sourceTree = "<group>"; };
		01230BB9217B2271000F4CD3 /* 伊能静_秦昊.jpg */ = {isa = PBXFileReference; lastKnownFileType = image.jpeg; path = "伊能静_秦昊.jpg"; sourceTree = "<group>"; };
		01230BBA217B2271000F4CD3 /* 王力宏_李靓蕾.jpg */ = {isa = PBXFileReference; lastKnownFileType = image.jpeg; path = "王力宏_李靓蕾.jpg"; sourceTree = "<group>"; };
		01230BBB217B2272000F4CD3 /* 周润发_陈荟莲.jpg */ = {isa = PBXFileReference; lastKnownFileType = image.jpeg; path = "周润发_陈荟莲.jpg"; sourceTree = "<group>"; };
		01230BBC217B2272000F4CD3 /* 陈妍希_陈晓.jpg */ = {isa = PBXFileReference; lastKnownFileType = image.jpeg; path = "陈妍希_陈晓.jpg"; sourceTree = "<group>"; };
		01230BBD217B2272000F4CD3 /* 董璇_高云翔.jpg */ = {isa = PBXFileReference; lastKnownFileType = image.jpeg; path = "董璇_高云翔.jpg"; sourceTree = "<group>"; };
		01230BBE217B2272000F4CD3 /* 姚晨_曹郁.jpg */ = {isa = PBXFileReference; lastKnownFileType = image.jpeg; path = "姚晨_曹郁.jpg"; sourceTree = "<group>"; };
		01230BBF217B2273000F4CD3 /* 黄磊_孙莉.jpg */ = {isa = PBXFileReference; lastKnownFileType = image.jpeg; path = "黄磊_孙莉.jpg"; sourceTree = "<group>"; };
		01230BC0217B2273000F4CD3 /* 成龙_林凤娇.jpg */ = {isa = PBXFileReference; lastKnownFileType = image.jpeg; path = "成龙_林凤娇.jpg"; sourceTree = "<group>"; };
		01230BC1217B2273000F4CD3 /* 杨丞琳_李荣浩.jpg */ = {isa = PBXFileReference; lastKnownFileType = image.jpeg; path = "杨丞琳_李荣浩.jpg"; sourceTree = "<group>"; };
		01230BC2217B2273000F4CD3 /* 徐熙娣_许雅钧.jpg */ = {isa = PBXFileReference; lastKnownFileType = image.jpeg; path = "徐熙娣_许雅钧.jpg"; sourceTree = "<group>"; };
		01230BC3217B2274000F4CD3 /* 周渝民_喻虹渊.jpg */ = {isa = PBXFileReference; lastKnownFileType = image.jpeg; path = "周渝民_喻虹渊.jpg"; sourceTree = "<group>"; };
		01230BC4217B2274000F4CD3 /* 林志颖_陈若仪.jpg */ = {isa = PBXFileReference; lastKnownFileType = image.jpeg; path = "林志颖_陈若仪.jpg"; sourceTree = "<group>"; };
		01230BC5217B2274000F4CD3 /* 赵雅芝_黄锦燊.jpg */ = {isa = PBXFileReference; lastKnownFileType = image.jpeg; path = "赵雅芝_黄锦燊.jpg"; sourceTree = "<group>"; };
		01230BC6217B2275000F4CD3 /* 刘涛_王珂.jpg */ = {isa = PBXFileReference; lastKnownFileType = image.jpeg; path = "刘涛_王珂.jpg"; sourceTree = "<group>"; };
		01230BC7217B2275000F4CD3 /* 景甜_张继科.jpg */ = {isa = PBXFileReference; lastKnownFileType = image.jpeg; path = "景甜_张继科.jpg"; sourceTree = "<group>"; };
		01230BC8217B2275000F4CD3 /* 李沁_华汉.jpg */ = {isa = PBXFileReference; lastKnownFileType = image.jpeg; path = "李沁_华汉.jpg"; sourceTree = "<group>"; };
		01230BC9217B2275000F4CD3 /* 佟丽娅_陈思诚.jpg */ = {isa = PBXFileReference; lastKnownFileType = image.jpeg; path = "佟丽娅_陈思诚.jpg"; sourceTree = "<group>"; };
		01230BCA217B2276000F4CD3 /* 郑秀文_许志安.jpg */ = {isa = PBXFileReference; lastKnownFileType = image.jpeg; path = "郑秀文_许志安.jpg"; sourceTree = "<group>"; };
		01230BCB217B2276000F4CD3 /* 包贝尔_包文婧.jpg */ = {isa = PBXFileReference; lastKnownFileType = image.jpeg; path = "包贝尔_包文婧.jpg"; sourceTree = "<group>"; };
		01230BCC217B2276000F4CD3 /* 余文乐_王棠云.jpg */ = {isa = PBXFileReference; lastKnownFileType = image.jpeg; path = "余文乐_王棠云.jpg"; sourceTree = "<group>"; };
		01230BCD217B2277000F4CD3 /* 马伊琍_文章.jpg */ = {isa = PBXFileReference; lastKnownFileType = image.jpeg; path = "马伊琍_文章.jpg"; sourceTree = "<group>"; };
		01230BCE217B2277000F4CD3 /* 张丹峰_洪欣.jpg */ = {isa = PBXFileReference; lastKnownFileType = image.jpeg; path = "张丹峰_洪欣.jpg"; sourceTree = "<group>"; };
		01230BCF217B2277000F4CD3 /* 段奕宏_王瑾.jpg */ = {isa = PBXFileReference; lastKnownFileType = image.jpeg; path = "段奕宏_王瑾.jpg"; sourceTree = "<group>"; };
		01230BD0217B2278000F4CD3 /* 付辛博_颖儿.jpg */ = {isa = PBXFileReference; lastKnownFileType = image.jpeg; path = "付辛博_颖儿.jpg"; sourceTree = "<group>"; };
		01230BD1217B2278000F4CD3 /* 李光洁_王珞丹.jpg */ = {isa = PBXFileReference; lastKnownFileType = image.jpeg; path = "李光洁_王珞丹.jpg"; sourceTree = "<group>"; };
		01230BD2217B2278000F4CD3 /* 张歆艺_袁弘.jpg */ = {isa = PBXFileReference; lastKnownFileType = image.jpeg; path = "张歆艺_袁弘.jpg"; sourceTree = "<group>"; };
		01230BD3217B2279000F4CD3 /* 周迅_高圣远.jpg */ = {isa = PBXFileReference; lastKnownFileType = image.jpeg; path = "周迅_高圣远.jpg"; sourceTree = "<group>"; };
		01230BD4217B2279000F4CD3 /* 鹿晗_关晓彤.jpg */ = {isa = PBXFileReference; lastKnownFileType = image.jpeg; path = "鹿晗_关晓彤.jpg"; sourceTree = "<group>"; };
		01230BD5217B227A000F4CD3 /* 郑爽_张恒.jpg */ = {isa = PBXFileReference; lastKnownFileType = image.jpeg; path = "郑爽_张恒.jpg"; sourceTree = "<group>"; };
		01230BD6217B227A000F4CD3 /* 周杰伦_昆凌.jpg */ = {isa = PBXFileReference; lastKnownFileType = image.jpeg; path = "周杰伦_昆凌.jpg"; sourceTree = "<group>"; };
		01230BD7217B227B000F4CD3 /* 唐艺昕_张若昀.jpg */ = {isa = PBXFileReference; lastKnownFileType = image.jpeg; path = "唐艺昕_张若昀.jpg"; sourceTree = "<group>"; };
		01230BD8217B227B000F4CD3 /* 孙艺洲_曹晓雯.jpg */ = {isa = PBXFileReference; lastKnownFileType = image.jpeg; path = "孙艺洲_曹晓雯.jpg"; sourceTree = "<group>"; };
		01230BD9217B227B000F4CD3 /* 李小璐_贾乃亮.jpg */ = {isa = PBXFileReference; lastKnownFileType = image.jpeg; path = "李小璐_贾乃亮.jpg"; sourceTree = "<group>"; };
		01230BDA217B227C000F4CD3 /* 张馨予_何捷.jpg */ = {isa = PBXFileReference; lastKnownFileType = image.jpeg; path = "张馨予_何捷.jpg"; sourceTree = "<group>"; };
		01230BDB217B227C000F4CD3 /* 贾静雯_修杰楷.jpg */ = {isa = PBXFileReference; lastKnownFileType = image.jpeg; path = "贾静雯_修杰楷.jpg"; sourceTree = "<group>"; };
		01230BDC217B227D000F4CD3 /* 汪涵_杨乐乐.jpg */ = {isa = PBXFileReference; lastKnownFileType = image.jpeg; path = "汪涵_杨乐乐.jpg"; sourceTree = "<group>"; };
		01230BDD217B227D000F4CD3 /* 赵薇_黄有龙.jpg */ = {isa = PBXFileReference; lastKnownFileType = image.jpeg; path = "赵薇_黄有龙.jpg"; sourceTree = "<group>"; };
		01230BDE217B227D000F4CD3 /* 张国立_邓婕.jpg */ = {isa = PBXFileReference; lastKnownFileType = image.jpeg; path = "张国立_邓婕.jpg"; sourceTree = "<group>"; };
		01230BDF217B227E000F4CD3 /* 谢娜_ 张杰.jpg */ = {isa = PBXFileReference; lastKnownFileType = image.jpeg; path = "谢娜_ 张杰.jpg"; sourceTree = "<group>"; };
		01230BE0217B227E000F4CD3 /* 霍建华_林心如.jpg */ = {isa = PBXFileReference; lastKnownFileType = image.jpeg; path = "霍建华_林心如.jpg"; sourceTree = "<group>"; };
		01230BE1217B227E000F4CD3 /* 林宥嘉_丁文琪.jpg */ = {isa = PBXFileReference; lastKnownFileType = image.jpeg; path = "林宥嘉_丁文琪.jpg"; sourceTree = "<group>"; };
		01230BE2217B227E000F4CD3 /* 刘嘉玲_梁朝伟.jpg */ = {isa = PBXFileReference; lastKnownFileType = image.jpeg; path = "刘嘉玲_梁朝伟.jpg"; sourceTree = "<group>"; };
		01230BE3217B227F000F4CD3 /* 薛之谦_高磊鑫.jpg */ = {isa = PBXFileReference; lastKnownFileType = image.jpeg; path = "薛之谦_高磊鑫.jpg"; sourceTree = "<group>"; };
		01230BE4217B227F000F4CD3 /* 莫文蔚_Johannes.jpg */ = {isa = PBXFileReference; lastKnownFileType = image.jpeg; path = "莫文蔚_Johannes.jpg"; sourceTree = "<group>"; };
		01230BE5217B2280000F4CD3 /* 罗志祥_周扬青.jpg */ = {isa = PBXFileReference; lastKnownFileType = image.jpeg; path = "罗志祥_周扬青.jpg"; sourceTree = "<group>"; };
		01230BE6217B2280000F4CD3 /* 雷佳音_翟煦飞.jpg */ = {isa = PBXFileReference; lastKnownFileType = image.jpeg; path = "雷佳音_翟煦飞.jpg"; sourceTree = "<group>"; };
		01230BE7217B2281000F4CD3 /* 韩庚_卢靖姗.jpg */ = {isa = PBXFileReference; lastKnownFileType = image.jpeg; path = "韩庚_卢靖姗.jpg"; sourceTree = "<group>"; };
		01230BE8217B2281000F4CD3 /* 唐嫣_罗晋.jpg */ = {isa = PBXFileReference; lastKnownFileType = image.jpeg; path = "唐嫣_罗晋.jpg"; sourceTree = "<group>"; };
		01230BE9217B2281000F4CD3 /* 徐熙媛_汪小菲.jpg */ = {isa = PBXFileReference; lastKnownFileType = image.jpeg; path = "徐熙媛_汪小菲.jpg"; sourceTree = "<group>"; };
		01230BEA217B2282000F4CD3 /* 胡先煦_刁卓.jpg */ = {isa = PBXFileReference; lastKnownFileType = image.jpeg; path = "胡先煦_刁卓.jpg"; sourceTree = "<group>"; };
		01230BEB217B2282000F4CD3 /* 李佳航_李晟.jpg */ = {isa = PBXFileReference; lastKnownFileType = image.jpeg; path = "李佳航_李晟.jpg"; sourceTree = "<group>"; };
		01230BEC217B2282000F4CD3 /* 蓝盈莹_曹骏.jpg */ = {isa = PBXFileReference; lastKnownFileType = image.jpeg; path = "蓝盈莹_曹骏.jpg"; sourceTree = "<group>"; };
		01230BED217B2283000F4CD3 /* 刘诗诗_吴奇隆.jpg */ = {isa = PBXFileReference; lastKnownFileType = image.jpeg; path = "刘诗诗_吴奇隆.jpg"; sourceTree = "<group>"; };
		01230BEE217B2283000F4CD3 /* 乔振宇_王倩一.jpg */ = {isa = PBXFileReference; lastKnownFileType = image.jpeg; path = "乔振宇_王倩一.jpg"; sourceTree = "<group>"; };
		01230BEF217B2283000F4CD3 /* 林依晨_林于超.jpg */ = {isa = PBXFileReference; lastKnownFileType = image.jpeg; path = "林依晨_林于超.jpg"; sourceTree = "<group>"; };
		01230BF0217B2284000F4CD3 /* 那英_孟桐.jpg */ = {isa = PBXFileReference; lastKnownFileType = image.jpeg; path = "那英_孟桐.jpg"; sourceTree = "<group>"; };
		01230BF1217B2284000F4CD3 /* 陆毅_鲍蕾.jpg */ = {isa = PBXFileReference; lastKnownFileType = image.jpeg; path = "陆毅_鲍蕾.jpg"; sourceTree = "<group>"; };
		01230BF2217B2285000F4CD3 /* 张智霖_袁咏仪.jpg */ = {isa = PBXFileReference; lastKnownFileType = image.jpeg; path = "张智霖_袁咏仪.jpg"; sourceTree = "<group>"; };
		01230BF3217B2285000F4CD3 /* 舒淇_冯德伦.jpg */ = {isa = PBXFileReference; lastKnownFileType = image.jpeg; path = "舒淇_冯德伦.jpg"; sourceTree = "<group>"; };
		01230BF4217B2285000F4CD3 /* 吴尊_林丽莹.jpg */ = {isa = PBXFileReference; lastKnownFileType = image.jpeg; path = "吴尊_林丽莹.jpg"; sourceTree = "<group>"; };
		01230BF5217B2286000F4CD3 /* 孙怡_董子健.jpg */ = {isa = PBXFileReference; lastKnownFileType = image.jpeg; path = "孙怡_董子健.jpg"; sourceTree = "<group>"; };
		01230BF6217B2286000F4CD3 /* 王祖蓝_李亚男.jpg */ = {isa = PBXFileReference; lastKnownFileType = image.jpeg; path = "王祖蓝_李亚男.jpg"; sourceTree = "<group>"; };
		01230BF7217B2286000F4CD3 /* 小沈阳_沈春阳.jpg */ = {isa = PBXFileReference; lastKnownFileType = image.jpeg; path = "小沈阳_沈春阳.jpg"; sourceTree = "<group>"; };
		01230BF8217B2287000F4CD3 /* 李小冉_徐佳宁.jpg */ = {isa = PBXFileReference; lastKnownFileType = image.jpeg; path = "李小冉_徐佳宁.jpg"; sourceTree = "<group>"; };
		01230BF9217B2287000F4CD3 /* 章子怡_汪峰.jpg */ = {isa = PBXFileReference; lastKnownFileType = image.jpeg; path = "章子怡_汪峰.jpg"; sourceTree = "<group>"; };
		01230BFA217B2287000F4CD3 /* 郭德纲_王惠.jpg */ = {isa = PBXFileReference; lastKnownFileType = image.jpeg; path = "郭德纲_王惠.jpg"; sourceTree = "<group>"; };
		01230BFB217B2288000F4CD3 /* 孙俪_邓超.jpg */ = {isa = PBXFileReference; lastKnownFileType = image.jpeg; path = "孙俪_邓超.jpg"; sourceTree = "<group>"; };
		01230BFC217B2288000F4CD3 /* 王栎鑫_吴雅婷.jpg */ = {isa = PBXFileReference; lastKnownFileType = image.jpeg; path = "王栎鑫_吴雅婷.jpg"; sourceTree = "<group>"; };
		01230BFD217B2288000F4CD3 /* 古巨基_陈英雪.jpg */ = {isa = PBXFileReference; lastKnownFileType = image.jpeg; path = "古巨基_陈英雪.jpg"; sourceTree = "<group>"; };
		01230BFE217B2289000F4CD3 /* 陈赫_张子萱.jpg */ = {isa = PBXFileReference; lastKnownFileType = image.jpeg; path = "陈赫_张子萱.jpg"; sourceTree = "<group>"; };
		01230BFF217B2289000F4CD3 /* 斯琴高娃_陈亮声.jpg */ = {isa = PBXFileReference; lastKnownFileType = image.jpeg; path = "斯琴高娃_陈亮声.jpg"; sourceTree = "<group>"; };
		01230C00217B2289000F4CD3 /* 朱亚文_沈佳妮.jpg */ = {isa = PBXFileReference; lastKnownFileType = image.jpeg; path = "朱亚文_沈佳妮.jpg"; sourceTree = "<group>"; };
		01230C01217B228A000F4CD3 /* 佟大为_关悦.jpg */ = {isa = PBXFileReference; lastKnownFileType = image.jpeg; path = "佟大为_关悦.jpg"; sourceTree = "<group>"; };
		01230C02217B228A000F4CD3 /* 袁泉_夏雨.jpg */ = {isa = PBXFileReference; lastKnownFileType = image.jpeg; path = "袁泉_夏雨.jpg"; sourceTree = "<group>"; };
		01230C03217B228A000F4CD3 /* 邱胜翊_邓丽欣.jpg */ = {isa = PBXFileReference; lastKnownFileType = image.jpeg; path = "邱胜翊_邓丽欣.jpg"; sourceTree = "<group>"; };
		01230C04217B228A000F4CD3 /* 严屹宽_杜若溪.jpg */ = {isa = PBXFileReference; lastKnownFileType = image.jpeg; path = "严屹宽_杜若溪.jpg"; sourceTree = "<group>"; };
		01230C05217B228B000F4CD3 /* 蔡少芬_张晋.jpg */ = {isa = PBXFileReference; lastKnownFileType = image.jpeg; path = "蔡少芬_张晋.jpg"; sourceTree = "<group>"; };
		01230C06217B228B000F4CD3 /* 沙溢_胡可.jpg */ = {isa = PBXFileReference; lastKnownFileType = image.jpeg; path = "沙溢_胡可.jpg"; sourceTree = "<group>"; };
		01230C07217B228B000F4CD3 /* 魏晨_于玮.jpg */ = {isa = PBXFileReference; lastKnownFileType = image.jpeg; path = "魏晨_于玮.jpg"; sourceTree = "<group>"; };
		01230C08217B228B000F4CD3 /* 陈嘉桦_赖斯翔.jpg */ = {isa = PBXFileReference; lastKnownFileType = image.jpeg; path = "陈嘉桦_赖斯翔.jpg"; sourceTree = "<group>"; };
		01230C09217B228C000F4CD3 /* 陈奕迅_徐濠萦.jpg */ = {isa = PBXFileReference; lastKnownFileType = image.jpeg; path = "陈奕迅_徐濠萦.jpg"; sourceTree = "<group>"; };
		01230C0A217B228C000F4CD3 /* 戚薇_李承铉.jpg */ = {isa = PBXFileReference; lastKnownFileType = image.jpeg; path = "戚薇_李承铉.jpg"; sourceTree = "<group>"; };
		01230C0B217B228C000F4CD3 /* 杨幂_刘恺威.jpg */ = {isa = PBXFileReference; lastKnownFileType = image.jpeg; path = "杨幂_刘恺威.jpg"; sourceTree = "<group>"; };
		01230C0C217B228D000F4CD3 /* 张雨绮_袁巴元.jpg */ = {isa = PBXFileReference; lastKnownFileType = image.jpeg; path = "张雨绮_袁巴元.jpg"; sourceTree = "<group>"; };
		01230C0D217B228D000F4CD3 /* 张嘉译_王海燕.jpg */ = {isa = PBXFileReference; lastKnownFileType = image.jpeg; path = "张嘉译_王海燕.jpg"; sourceTree = "<group>"; };
		01230C0E217B228D000F4CD3 /* 倪妮_井柏然.jpg */ = {isa = PBXFileReference; lastKnownFileType = image.jpeg; path = "倪妮_井柏然.jpg"; sourceTree = "<group>"; };
		01230C0F217B228E000F4CD3 /* 黄渤_小欧.jpg */ = {isa = PBXFileReference; lastKnownFileType = image.jpeg; path = "黄渤_小欧.jpg"; sourceTree = "<group>"; };
		01230C10217B228E000F4CD3 /* 黄晓明_杨颖.jpg */ = {isa = PBXFileReference; lastKnownFileType = image.jpeg; path = "黄晓明_杨颖.jpg"; sourceTree = "<group>"; };
		01230C11217B228E000F4CD3 /* 范玮琪_陈建州.jpg */ = {isa = PBXFileReference; lastKnownFileType = image.jpeg; path = "范玮琪_陈建州.jpg"; sourceTree = "<group>"; };
		01230C12217B228F000F4CD3 /* 靳东_李佳.jpg */ = {isa = PBXFileReference; lastKnownFileType = image.jpeg; path = "靳东_李佳.jpg"; sourceTree = "<group>"; };
		01230C13217B228F000F4CD3 /* 应采儿_陈小春.jpg */ = {isa = PBXFileReference; lastKnownFileType = image.jpeg; path = "应采儿_陈小春.jpg"; sourceTree = "<group>"; };
		01230C77217C32DA000F4CD3 /* CoreImage.framework */ = {isa = PBXFileReference; lastKnownFileType = wrapper.framework; name = CoreImage.framework; path = System/Library/Frameworks/CoreImage.framework; sourceTree = SDKROOT; };
		015090152143D0DA00F87B2E /* BaseNavController.h */ = {isa = PBXFileReference; lastKnownFileType = sourcecode.c.h; path = BaseNavController.h; sourceTree = "<group>"; };
		015090162143D0DA00F87B2E /* BaseNavController.m */ = {isa = PBXFileReference; lastKnownFileType = sourcecode.c.objc; path = BaseNavController.m; sourceTree = "<group>"; };
		015090182143E3F100F87B2E /* XTSheetView.h */ = {isa = PBXFileReference; lastKnownFileType = sourcecode.c.h; path = XTSheetView.h; sourceTree = "<group>"; };
		015090192143E3F100F87B2E /* XTSheetView.m */ = {isa = PBXFileReference; lastKnownFileType = sourcecode.c.objc; path = XTSheetView.m; sourceTree = "<group>"; };
		0150901B2143E40200F87B2E /* XTSheetView.xib */ = {isa = PBXFileReference; lastKnownFileType = file.xib; path = XTSheetView.xib; sourceTree = "<group>"; };
		015090222144D31D00F87B2E /* AIUtil.h */ = {isa = PBXFileReference; lastKnownFileType = sourcecode.c.h; path = AIUtil.h; sourceTree = "<group>"; };
		015090232144D31D00F87B2E /* AIUtil.m */ = {isa = PBXFileReference; lastKnownFileType = sourcecode.c.objc; path = AIUtil.m; sourceTree = "<group>"; };
		0150902A2144ECBE00F87B2E /* ConnectSuccessVC.h */ = {isa = PBXFileReference; lastKnownFileType = sourcecode.c.h; path = ConnectSuccessVC.h; sourceTree = "<group>"; };
		0150902B2144ECBE00F87B2E /* ConnectSuccessVC.m */ = {isa = PBXFileReference; lastKnownFileType = sourcecode.c.objc; path = ConnectSuccessVC.m; sourceTree = "<group>"; };
		0150902D2144F21100F87B2E /* SceneRecognitionVC.h */ = {isa = PBXFileReference; lastKnownFileType = sourcecode.c.h; path = SceneRecognitionVC.h; sourceTree = "<group>"; };
		0150902E2144F21100F87B2E /* SceneRecognitionVC.m */ = {isa = PBXFileReference; lastKnownFileType = sourcecode.c.objc; path = SceneRecognitionVC.m; sourceTree = "<group>"; };
		01509034214530EA00F87B2E /* NetWorking.m */ = {isa = PBXFileReference; fileEncoding = 4; lastKnownFileType = sourcecode.c.objc; path = NetWorking.m; sourceTree = "<group>"; };
		01509035214530EA00F87B2E /* NetWorking.h */ = {isa = PBXFileReference; fileEncoding = 4; lastKnownFileType = sourcecode.c.h; path = NetWorking.h; sourceTree = "<group>"; };
		01509037214BD59D00F87B2E /* NSString+Extension.h */ = {isa = PBXFileReference; fileEncoding = 4; lastKnownFileType = sourcecode.c.h; path = "NSString+Extension.h"; sourceTree = "<group>"; };
		01509038214BD59D00F87B2E /* NSString+Extension.m */ = {isa = PBXFileReference; fileEncoding = 4; lastKnownFileType = sourcecode.c.objc; path = "NSString+Extension.m"; sourceTree = "<group>"; };
		01816C4A213972BF00101F0C /* AI.app */ = {isa = PBXFileReference; explicitFileType = wrapper.application; includeInIndex = 0; path = AI.app; sourceTree = BUILT_PRODUCTS_DIR; };
		01816C4D213972BF00101F0C /* AppDelegate.h */ = {isa = PBXFileReference; lastKnownFileType = sourcecode.c.h; path = AppDelegate.h; sourceTree = "<group>"; };
		01816C4E213972BF00101F0C /* AppDelegate.m */ = {isa = PBXFileReference; lastKnownFileType = sourcecode.c.objc; path = AppDelegate.m; sourceTree = "<group>"; };
		01816C54213972BF00101F0C /* Base */ = {isa = PBXFileReference; lastKnownFileType = file.storyboard; name = Base; path = Base.lproj/Main.storyboard; sourceTree = "<group>"; };
		01816C56213972C100101F0C /* Assets.xcassets */ = {isa = PBXFileReference; lastKnownFileType = folder.assetcatalog; path = Assets.xcassets; sourceTree = "<group>"; };
		01816C59213972C100101F0C /* Base */ = {isa = PBXFileReference; lastKnownFileType = file.storyboard; name = Base; path = Base.lproj/LaunchScreen.storyboard; sourceTree = "<group>"; };
		01816C5B213972C100101F0C /* Info.plist */ = {isa = PBXFileReference; lastKnownFileType = text.plist.xml; path = Info.plist; sourceTree = "<group>"; };
		01816C5C213972C100101F0C /* main.m */ = {isa = PBXFileReference; lastKnownFileType = sourcecode.c.objc; path = main.m; sourceTree = "<group>"; };
		01816C77213A6F8A00101F0C /* NetworkExtension.framework */ = {isa = PBXFileReference; lastKnownFileType = wrapper.framework; name = NetworkExtension.framework; path = System/Library/Frameworks/NetworkExtension.framework; sourceTree = SDKROOT; };
		01816C79213A730800101F0C /* SystemConfiguration.framework */ = {isa = PBXFileReference; lastKnownFileType = wrapper.framework; name = SystemConfiguration.framework; path = System/Library/Frameworks/SystemConfiguration.framework; sourceTree = SDKROOT; };
		1B5415FA0048511A8860F7D9 /* Pods-AI.debug.xcconfig */ = {isa = PBXFileReference; includeInIndex = 1; lastKnownFileType = text.xcconfig; name = "Pods-AI.debug.xcconfig"; path = "Pods/Target Support Files/Pods-AI/Pods-AI.debug.xcconfig"; sourceTree = "<group>"; };
		84A575072EE0EA378A9A58A3 /* libPods-AI.a */ = {isa = PBXFileReference; explicitFileType = archive.ar; includeInIndex = 0; path = "libPods-AI.a"; sourceTree = BUILT_PRODUCTS_DIR; };
		E0AA4C05CB9F07A7694E44CB /* Pods-AI.release.xcconfig */ = {isa = PBXFileReference; includeInIndex = 1; lastKnownFileType = text.xcconfig; name = "Pods-AI.release.xcconfig"; path = "Pods/Target Support Files/Pods-AI/Pods-AI.release.xcconfig"; sourceTree = "<group>"; };
/* End PBXFileReference section */

/* Begin PBXFrameworksBuildPhase section */
		01816C47213972BF00101F0C /* Frameworks */ = {
			isa = PBXFrameworksBuildPhase;
			buildActionMask = 2147483647;
			files = (
				01230C78217C32DA000F4CD3 /* CoreImage.framework in Frameworks */,
				01816C7A213A730800101F0C /* SystemConfiguration.framework in Frameworks */,
				01816C78213A6F8A00101F0C /* NetworkExtension.framework in Frameworks */,
				576D81B5BEE93203CF05FFB0 /* libPods-AI.a in Frameworks */,
			);
			runOnlyForDeploymentPostprocessing = 0;
		};
/* End PBXFrameworksBuildPhase section */

/* Begin PBXGroup section */
		011A82A3213FF0A200AB2363 /* Main */ = {
			isa = PBXGroup;
			children = (
				011A82A4213FF0A200AB2363 /* VC */,
				011A82A5213FF0A200AB2363 /* Model */,
				011A82A6213FF0A200AB2363 /* View */,
			);
			path = Main;
			sourceTree = "<group>";
		};
		011A82A4213FF0A200AB2363 /* VC */ = {
			isa = PBXGroup;
			children = (
				011A82C4213FF4EC00AB2363 /* HomeVC.h */,
				011A82C5213FF4EC00AB2363 /* HomeVC.m */,
				011A82B7213FF27A00AB2363 /* ViewController.h */,
				011A82B8213FF27A00AB2363 /* ViewController.m */,
				0150902A2144ECBE00F87B2E /* ConnectSuccessVC.h */,
				0150902B2144ECBE00F87B2E /* ConnectSuccessVC.m */,
				0150902D2144F21100F87B2E /* SceneRecognitionVC.h */,
				0150902E2144F21100F87B2E /* SceneRecognitionVC.m */,
				011A82B5213FF27A00AB2363 /* QRCodeViewController.h */,
				011A82BA213FF27A00AB2363 /* QRCodeViewController.m */,
				011A82B4213FF27A00AB2363 /* ScanViewController.h */,
				011A82B6213FF27A00AB2363 /* ScanViewController.m */,
				011A82B9213FF27A00AB2363 /* VideoViewController.h */,
				011A82B3213FF27A00AB2363 /* VideoViewController.m */,
				011A82BB213FF27A00AB2363 /* VideoViewController.xib */,
			);
			path = VC;
			sourceTree = "<group>";
		};
		011A82A5213FF0A200AB2363 /* Model */ = {
			isa = PBXGroup;
			children = (
				011A82CF2140C84C00AB2363 /* HomeModel.h */,
				011A82D02140C84C00AB2363 /* HomeModel.m */,
			);
			path = Model;
			sourceTree = "<group>";
		};
		011A82A6213FF0A200AB2363 /* View */ = {
			isa = PBXGroup;
			children = (
				01816C53213972BF00101F0C /* Main.storyboard */,
				011A82C7213FFF6800AB2363 /* HomeCell.h */,
				011A82C8213FFF6800AB2363 /* HomeCell.m */,
				015090182143E3F100F87B2E /* XTSheetView.h */,
				015090192143E3F100F87B2E /* XTSheetView.m */,
				0150901B2143E40200F87B2E /* XTSheetView.xib */,
			);
			path = View;
			sourceTree = "<group>";
		};
		011A82AB213FF10000AB2363 /* Util */ = {
			isa = PBXGroup;
			children = (
				011A82B0213FF20400AB2363 /* UIViewExt.h */,
				011A82B1213FF20400AB2363 /* UIViewExt.m */,
				011A82CB214003B900AB2363 /* NSArray+VAInfo.h */,
				011A82CA214003B900AB2363 /* NSArray+VAInfo.m */,
				0115CB5621410F37001613E8 /* XTSoundPlayer.h */,
				0115CB5721410F37001613E8 /* XTSoundPlayer.m */,
				015090222144D31D00F87B2E /* AIUtil.h */,
				015090232144D31D00F87B2E /* AIUtil.m */,
				01509037214BD59D00F87B2E /* NSString+Extension.h */,
				01509038214BD59D00F87B2E /* NSString+Extension.m */,
				01230BA9217AD3FA000F4CD3 /* UIColor+Common.h */,
				01230BAA217AD3FA000F4CD3 /* UIColor+Common.m */,
			);
			path = Util;
			sourceTree = "<group>";
		};
		011A82AC213FF10000AB2363 /* NetWork */ = {
			isa = PBXGroup;
			children = (
				011A82AD213FF13500AB2363 /* ImageHelper.h */,
				011A82AE213FF13500AB2363 /* ImageHelper.m */,
				01509035214530EA00F87B2E /* NetWorking.h */,
				01509034214530EA00F87B2E /* NetWorking.m */,
			);
			path = NetWork;
			sourceTree = "<group>";
		};
		01230BAE217B21CA000F4CD3 /* source */ = {
			isa = PBXGroup;
			children = (
				01230BAF217B21D6000F4CD3 /* 安以轩_陈荣炼.jpg */,
				01230BCB217B2276000F4CD3 /* 包贝尔_包文婧.jpg */,
				01230C05217B228B000F4CD3 /* 蔡少芬_张晋.jpg */,
				01230BB1217B226F000F4CD3 /* 沈梦辰_杜海涛.jpg */,
				01230BB4217B2270000F4CD3 /* 陈冠希_秦舒培.jpg */,
				01230BFE217B2289000F4CD3 /* 陈赫_张子萱.jpg */,
				01230C08217B228B000F4CD3 /* 陈嘉桦_赖斯翔.jpg */,
				01230BBC217B2272000F4CD3 /* 陈妍希_陈晓.jpg */,
				01230C09217B228C000F4CD3 /* 陈奕迅_徐濠萦.jpg */,
				01230BC0217B2273000F4CD3 /* 成龙_林凤娇.jpg */,
				01230BBD217B2272000F4CD3 /* 董璇_高云翔.jpg */,
				01230BB7217B2270000F4CD3 /* 杜江_霍思燕.jpg */,
				01230BCF217B2277000F4CD3 /* 段奕宏_王瑾.jpg */,
				01230BB8217B2271000F4CD3 /* 范冰冰_李晨.jpg */,
				01230C11217B228E000F4CD3 /* 范玮琪_陈建州.jpg */,
				01230BD0217B2278000F4CD3 /* 付辛博_颖儿.jpg */,
				01230BB3217B226F000F4CD3 /* 高圆圆_赵又廷.jpg */,
				01230BFD217B2288000F4CD3 /* 古巨基_陈英雪.jpg */,
				01230BFA217B2287000F4CD3 /* 郭德纲_王惠.jpg */,
				01230BE7217B2281000F4CD3 /* 韩庚_卢靖姗.jpg */,
				01230BEA217B2282000F4CD3 /* 胡先煦_刁卓.jpg */,
				01230BB2217B226F000F4CD3 /* 胡杏儿_李乘德.jpg */,
				01230C0F217B228E000F4CD3 /* 黄渤_小欧.jpg */,
				01230BBF217B2273000F4CD3 /* 黄磊_孙莉.jpg */,
				01230C10217B228E000F4CD3 /* 黄晓明_杨颖.jpg */,
				01230BE0217B227E000F4CD3 /* 霍建华_林心如.jpg */,
				01230BDB217B227C000F4CD3 /* 贾静雯_修杰楷.jpg */,
				01230C12217B228F000F4CD3 /* 靳东_李佳.jpg */,
				01230BC7217B2275000F4CD3 /* 景甜_张继科.jpg */,
				01230BEC217B2282000F4CD3 /* 蓝盈莹_曹骏.jpg */,
				01230BE6217B2280000F4CD3 /* 雷佳音_翟煦飞.jpg */,
				01230BB5217B2270000F4CD3 /* 李晨_范冰冰.jpg */,
				01230BD1217B2278000F4CD3 /* 李光洁_王珞丹.jpg */,
				01230BEB217B2282000F4CD3 /* 李佳航_李晟.jpg */,
				01230BC8217B2275000F4CD3 /* 李沁_华汉.jpg */,
				01230BD9217B227B000F4CD3 /* 李小璐_贾乃亮.jpg */,
				01230BF8217B2287000F4CD3 /* 李小冉_徐佳宁.jpg */,
				01230BEF217B2283000F4CD3 /* 林依晨_林于超.jpg */,
				01230BE1217B227E000F4CD3 /* 林宥嘉_丁文琪.jpg */,
				01230BC4217B2274000F4CD3 /* 林志颖_陈若仪.jpg */,
				01230BE2217B227E000F4CD3 /* 刘嘉玲_梁朝伟.jpg */,
				01230BED217B2283000F4CD3 /* 刘诗诗_吴奇隆.jpg */,
				01230BC6217B2275000F4CD3 /* 刘涛_王珂.jpg */,
				01230BF1217B2284000F4CD3 /* 陆毅_鲍蕾.jpg */,
				01230BD4217B2279000F4CD3 /* 鹿晗_关晓彤.jpg */,
				01230BE5217B2280000F4CD3 /* 罗志祥_周扬青.jpg */,
				01230BCD217B2277000F4CD3 /* 马伊琍_文章.jpg */,
				01230BE4217B227F000F4CD3 /* 莫文蔚_Johannes.jpg */,
				01230BF0217B2284000F4CD3 /* 那英_孟桐.jpg */,
				01230C0E217B228D000F4CD3 /* 倪妮_井柏然.jpg */,
				01230C0A217B228C000F4CD3 /* 戚薇_李承铉.jpg */,
				01230BEE217B2283000F4CD3 /* 乔振宇_王倩一.jpg */,
				01230C03217B228A000F4CD3 /* 邱胜翊_邓丽欣.jpg */,
				01230BB6217B2270000F4CD3 /* 任嘉伦_聂欢.jpg */,
				01230C06217B228B000F4CD3 /* 沙溢_胡可.jpg */,
				01230BF3217B2285000F4CD3 /* 舒淇_冯德伦.jpg */,
				01230BFF217B2289000F4CD3 /* 斯琴高娃_陈亮声.jpg */,
				01230BFB217B2288000F4CD3 /* 孙俪_邓超.jpg */,
				01230BF5217B2286000F4CD3 /* 孙怡_董子健.jpg */,
				01230BD8217B227B000F4CD3 /* 孙艺洲_曹晓雯.jpg */,
				01230BE8217B2281000F4CD3 /* 唐嫣_罗晋.jpg */,
				01230BD7217B227B000F4CD3 /* 唐艺昕_张若昀.jpg */,
				01230C01217B228A000F4CD3 /* 佟大为_关悦.jpg */,
				01230BC9217B2275000F4CD3 /* 佟丽娅_陈思诚.jpg */,
				01230BDC217B227D000F4CD3 /* 汪涵_杨乐乐.jpg */,
				01230BBA217B2271000F4CD3 /* 王力宏_李靓蕾.jpg */,
				01230BFC217B2288000F4CD3 /* 王栎鑫_吴雅婷.jpg */,
				01230BF6217B2286000F4CD3 /* 王祖蓝_李亚男.jpg */,
				01230C07217B228B000F4CD3 /* 魏晨_于玮.jpg */,
				01230BF4217B2285000F4CD3 /* 吴尊_林丽莹.jpg */,
				01230BF7217B2286000F4CD3 /* 小沈阳_沈春阳.jpg */,
				01230BDF217B227E000F4CD3 /* 谢娜_ 张杰.jpg */,
				01230BC2217B2273000F4CD3 /* 徐熙娣_许雅钧.jpg */,
				01230BE9217B2281000F4CD3 /* 徐熙媛_汪小菲.jpg */,
				01230BE3217B227F000F4CD3 /* 薛之谦_高磊鑫.jpg */,
				01230C04217B228A000F4CD3 /* 严屹宽_杜若溪.jpg */,
				01230BC1217B2273000F4CD3 /* 杨丞琳_李荣浩.jpg */,
				01230C0B217B228C000F4CD3 /* 杨幂_刘恺威.jpg */,
				01230BBE217B2272000F4CD3 /* 姚晨_曹郁.jpg */,
				01230BB9217B2271000F4CD3 /* 伊能静_秦昊.jpg */,
				01230C13217B228F000F4CD3 /* 应采儿_陈小春.jpg */,
				01230BCC217B2276000F4CD3 /* 余文乐_王棠云.jpg */,
				01230C02217B228A000F4CD3 /* 袁泉_夏雨.jpg */,
				01230BCE217B2277000F4CD3 /* 张丹峰_洪欣.jpg */,
				01230BDE217B227D000F4CD3 /* 张国立_邓婕.jpg */,
				01230C0D217B228D000F4CD3 /* 张嘉译_王海燕.jpg */,
				01230BD2217B2278000F4CD3 /* 张歆艺_袁弘.jpg */,
				01230BDA217B227C000F4CD3 /* 张馨予_何捷.jpg */,
				01230C0C217B228D000F4CD3 /* 张雨绮_袁巴元.jpg */,
				01230BF2217B2285000F4CD3 /* 张智霖_袁咏仪.jpg */,
				01230BF9217B2287000F4CD3 /* 章子怡_汪峰.jpg */,
				01230BDD217B227D000F4CD3 /* 赵薇_黄有龙.jpg */,
				01230BC5217B2274000F4CD3 /* 赵雅芝_黄锦燊.jpg */,
				01230BD5217B227A000F4CD3 /* 郑爽_张恒.jpg */,
				01230BCA217B2276000F4CD3 /* 郑秀文_许志安.jpg */,
				01230BD6217B227A000F4CD3 /* 周杰伦_昆凌.jpg */,
				01230BBB217B2272000F4CD3 /* 周润发_陈荟莲.jpg */,
				01230BD3217B2279000F4CD3 /* 周迅_高圣远.jpg */,
				01230BC3217B2274000F4CD3 /* 周渝民_喻虹渊.jpg */,
				01230C00217B2289000F4CD3 /* 朱亚文_沈佳妮.jpg */,
			);
			path = source;
			sourceTree = "<group>";
		};
		01816C41213972BF00101F0C = {
			isa = PBXGroup;
			children = (
				01816C4C213972BF00101F0C /* AI */,
				01816C4B213972BF00101F0C /* Products */,
				01816C76213A6F8900101F0C /* Frameworks */,
				0E44F0B3F033035AE6FA9A31 /* Pods */,
			);
			sourceTree = "<group>";
		};
		01816C4B213972BF00101F0C /* Products */ = {
			isa = PBXGroup;
			children = (
				01816C4A213972BF00101F0C /* AI.app */,
			);
			name = Products;
			sourceTree = "<group>";
		};
		01816C4C213972BF00101F0C /* AI */ = {
			isa = PBXGroup;
			children = (
				01230BAE217B21CA000F4CD3 /* source */,
				011A82AC213FF10000AB2363 /* NetWork */,
				011A82AB213FF10000AB2363 /* Util */,
				011A82A3213FF0A200AB2363 /* Main */,
				01816C4D213972BF00101F0C /* AppDelegate.h */,
				01816C4E213972BF00101F0C /* AppDelegate.m */,
				011A82C1213FF47500AB2363 /* BaseVC.h */,
				011A82C2213FF47500AB2363 /* BaseVC.m */,
				015090152143D0DA00F87B2E /* BaseNavController.h */,
				015090162143D0DA00F87B2E /* BaseNavController.m */,
				011A82CE2140C6B000AB2363 /* Common.h */,
				011A82D42140D01C00AB2363 /* PrefixHeader.pch */,
				01230B9B217AC7C9000F4CD3 /* model_celebrities_v0.00001.tar */,
				01230B9C217AC7C9000F4CD3 /* model_couples_v0.00001.tar */,
				01230B9A217AC7C9000F4CD3 /* model_dog_v0.00001.tar */,
				01230B99217AC7C9000F4CD3 /* model_flowers_v0.00001.tar */,
				01816C56213972C100101F0C /* Assets.xcassets */,
				01816C58213972C100101F0C /* LaunchScreen.storyboard */,
				01816C5B213972C100101F0C /* Info.plist */,
				01816C5C213972C100101F0C /* main.m */,
				01230BA7217ACBE2000F4CD3 /* Localizable.strings */,
			);
			path = AI;
			sourceTree = "<group>";
		};
		01816C76213A6F8900101F0C /* Frameworks */ = {
			isa = PBXGroup;
			children = (
				01230C77217C32DA000F4CD3 /* CoreImage.framework */,
				01816C79213A730800101F0C /* SystemConfiguration.framework */,
				01816C77213A6F8A00101F0C /* NetworkExtension.framework */,
				84A575072EE0EA378A9A58A3 /* libPods-AI.a */,
			);
			name = Frameworks;
			sourceTree = "<group>";
		};
		0E44F0B3F033035AE6FA9A31 /* Pods */ = {
			isa = PBXGroup;
			children = (
				1B5415FA0048511A8860F7D9 /* Pods-AI.debug.xcconfig */,
				E0AA4C05CB9F07A7694E44CB /* Pods-AI.release.xcconfig */,
			);
			name = Pods;
			sourceTree = "<group>";
		};
/* End PBXGroup section */

/* Begin PBXNativeTarget section */
		01816C49213972BF00101F0C /* AI */ = {
			isa = PBXNativeTarget;
			buildConfigurationList = 01816C60213972C100101F0C /* Build configuration list for PBXNativeTarget "AI" */;
			buildPhases = (
				7A2F7CE4682CB0041537BD0F /* [CP] Check Pods Manifest.lock */,
				01816C46213972BF00101F0C /* Sources */,
				01816C47213972BF00101F0C /* Frameworks */,
				01816C48213972BF00101F0C /* Resources */,
			);
			buildRules = (
			);
			dependencies = (
			);
			name = AI;
			productName = AI;
			productReference = 01816C4A213972BF00101F0C /* AI.app */;
			productType = "com.apple.product-type.application";
		};
/* End PBXNativeTarget section */

/* Begin PBXProject section */
		01816C42213972BF00101F0C /* Project object */ = {
			isa = PBXProject;
			attributes = {
				LastUpgradeCheck = 0930;
				ORGANIZATIONNAME = xuting;
				TargetAttributes = {
					01816C49213972BF00101F0C = {
						CreatedOnToolsVersion = 9.3;
					};
				};
			};
			buildConfigurationList = 01816C45213972BF00101F0C /* Build configuration list for PBXProject "AI" */;
			compatibilityVersion = "Xcode 9.3";
			developmentRegion = en;
			hasScannedForEncodings = 0;
			knownRegions = (
				en,
				Base,
			);
			mainGroup = 01816C41213972BF00101F0C;
			productRefGroup = 01816C4B213972BF00101F0C /* Products */;
			projectDirPath = "";
			projectRoot = "";
			targets = (
				01816C49213972BF00101F0C /* AI */,
			);
		};
/* End PBXProject section */

/* Begin PBXResourcesBuildPhase section */
		01816C48213972BF00101F0C /* Resources */ = {
			isa = PBXResourcesBuildPhase;
			buildActionMask = 2147483647;
			files = (
				01230B9E217AC7C9000F4CD3 /* model_dog_v0.00001.tar in Resources */,
				01230C5F217B228F000F4CD3 /* 王栎鑫_吴雅婷.jpg in Resources */,
				01230C3C217B228F000F4CD3 /* 李小璐_贾乃亮.jpg in Resources */,
				01230C18217B228F000F4CD3 /* 李晨_范冰冰.jpg in Resources */,
				01230C75217B228F000F4CD3 /* 靳东_李佳.jpg in Resources */,
				01230C16217B228F000F4CD3 /* 高圆圆_赵又廷.jpg in Resources */,
				01230C55217B228F000F4CD3 /* 张智霖_袁咏仪.jpg in Resources */,
				01230C4C217B228F000F4CD3 /* 徐熙媛_汪小菲.jpg in Resources */,
				01230C3A217B228F000F4CD3 /* 唐艺昕_张若昀.jpg in Resources */,
				01230C69217B228F000F4CD3 /* 沙溢_胡可.jpg in Resources */,
				01816C5A213972C100101F0C /* LaunchScreen.storyboard in Resources */,
				01230C52217B228F000F4CD3 /* 林依晨_林于超.jpg in Resources */,
				01230C29217B228F000F4CD3 /* 刘涛_王珂.jpg in Resources */,
				01230C58217B228F000F4CD3 /* 孙怡_董子健.jpg in Resources */,
				01230C50217B228F000F4CD3 /* 刘诗诗_吴奇隆.jpg in Resources */,
				01230C28217B228F000F4CD3 /* 赵雅芝_黄锦燊.jpg in Resources */,
				01230C62217B228F000F4CD3 /* 斯琴高娃_陈亮声.jpg in Resources */,
				01230C2F217B228F000F4CD3 /* 余文乐_王棠云.jpg in Resources */,
				01230C2B217B228F000F4CD3 /* 李沁_华汉.jpg in Resources */,
				01230C39217B228F000F4CD3 /* 周杰伦_昆凌.jpg in Resources */,
				01230C3F217B228F000F4CD3 /* 汪涵_杨乐乐.jpg in Resources */,
				01230C4A217B228F000F4CD3 /* 韩庚_卢靖姗.jpg in Resources */,
				01230C4F217B228F000F4CD3 /* 蓝盈莹_曹骏.jpg in Resources */,
				01230C17217B228F000F4CD3 /* 陈冠希_秦舒培.jpg in Resources */,
				01230C2A217B228F000F4CD3 /* 景甜_张继科.jpg in Resources */,
				01230C42217B228F000F4CD3 /* 谢娜_ 张杰.jpg in Resources */,
				01230C2C217B228F000F4CD3 /* 佟丽娅_陈思诚.jpg in Resources */,
				01230C49217B228F000F4CD3 /* 雷佳音_翟煦飞.jpg in Resources */,
				0150901C2143E40200F87B2E /* XTSheetView.xib in Resources */,
				01230C5B217B228F000F4CD3 /* 李小冉_徐佳宁.jpg in Resources */,
				01230C67217B228F000F4CD3 /* 严屹宽_杜若溪.jpg in Resources */,
				01230C63217B228F000F4CD3 /* 朱亚文_沈佳妮.jpg in Resources */,
				01230C51217B228F000F4CD3 /* 乔振宇_王倩一.jpg in Resources */,
				01230C45217B228F000F4CD3 /* 刘嘉玲_梁朝伟.jpg in Resources */,
				01230C54217B228F000F4CD3 /* 陆毅_鲍蕾.jpg in Resources */,
				01230C6D217B228F000F4CD3 /* 戚薇_李承铉.jpg in Resources */,
				01230C68217B228F000F4CD3 /* 蔡少芬_张晋.jpg in Resources */,
				01230C48217B228F000F4CD3 /* 罗志祥_周扬青.jpg in Resources */,
				01230C4D217B228F000F4CD3 /* 胡先煦_刁卓.jpg in Resources */,
				01230C6F217B228F000F4CD3 /* 张雨绮_袁巴元.jpg in Resources */,
				01230C21217B228F000F4CD3 /* 姚晨_曹郁.jpg in Resources */,
				01230C2E217B228F000F4CD3 /* 包贝尔_包文婧.jpg in Resources */,
				01230C1F217B228F000F4CD3 /* 陈妍希_陈晓.jpg in Resources */,
				01230C6A217B228F000F4CD3 /* 魏晨_于玮.jpg in Resources */,
				01230C4E217B228F000F4CD3 /* 李佳航_李晟.jpg in Resources */,
				01816C57213972C100101F0C /* Assets.xcassets in Resources */,
				01230C66217B228F000F4CD3 /* 邱胜翊_邓丽欣.jpg in Resources */,
				01230C32217B228F000F4CD3 /* 段奕宏_王瑾.jpg in Resources */,
				01230C59217B228F000F4CD3 /* 王祖蓝_李亚男.jpg in Resources */,
				01230C57217B228F000F4CD3 /* 吴尊_林丽莹.jpg in Resources */,
				01230C47217B228F000F4CD3 /* 莫文蔚_Johannes.jpg in Resources */,
				01230C3E217B228F000F4CD3 /* 贾静雯_修杰楷.jpg in Resources */,
				01230C46217B228F000F4CD3 /* 薛之谦_高磊鑫.jpg in Resources */,
				01230B9F217AC7C9000F4CD3 /* model_celebrities_v0.00001.tar in Resources */,
				01230C71217B228F000F4CD3 /* 倪妮_井柏然.jpg in Resources */,
				01230C36217B228F000F4CD3 /* 周迅_高圣远.jpg in Resources */,
				01230C2D217B228F000F4CD3 /* 郑秀文_许志安.jpg in Resources */,
				01230C1C217B228F000F4CD3 /* 伊能静_秦昊.jpg in Resources */,
				01230C40217B228F000F4CD3 /* 赵薇_黄有龙.jpg in Resources */,
				01230C31217B228F000F4CD3 /* 张丹峰_洪欣.jpg in Resources */,
				01230C1E217B228F000F4CD3 /* 周润发_陈荟莲.jpg in Resources */,
				01230C60217B228F000F4CD3 /* 古巨基_陈英雪.jpg in Resources */,
				01230C38217B228F000F4CD3 /* 郑爽_张恒.jpg in Resources */,
				01230C1A217B228F000F4CD3 /* 杜江_霍思燕.jpg in Resources */,
				01230C19217B228F000F4CD3 /* 任嘉伦_聂欢.jpg in Resources */,
				01230C37217B228F000F4CD3 /* 鹿晗_关晓彤.jpg in Resources */,
				01230C53217B228F000F4CD3 /* 那英_孟桐.jpg in Resources */,
				01230BA5217ACBE2000F4CD3 /* Localizable.strings in Resources */,
				01230C65217B228F000F4CD3 /* 袁泉_夏雨.jpg in Resources */,
				01230C6C217B228F000F4CD3 /* 陈奕迅_徐濠萦.jpg in Resources */,
				01230C5C217B228F000F4CD3 /* 章子怡_汪峰.jpg in Resources */,
				01230C26217B228F000F4CD3 /* 周渝民_喻虹渊.jpg in Resources */,
				01230B9D217AC7C9000F4CD3 /* model_flowers_v0.00001.tar in Resources */,
				01230C24217B228F000F4CD3 /* 杨丞琳_李荣浩.jpg in Resources */,
				01230C20217B228F000F4CD3 /* 董璇_高云翔.jpg in Resources */,
				011A82C0213FF27A00AB2363 /* VideoViewController.xib in Resources */,
				01230C44217B228F000F4CD3 /* 林宥嘉_丁文琪.jpg in Resources */,
				01230C6B217B228F000F4CD3 /* 陈嘉桦_赖斯翔.jpg in Resources */,
				01230C43217B228F000F4CD3 /* 霍建华_林心如.jpg in Resources */,
				01230C1B217B228F000F4CD3 /* 范冰冰_李晨.jpg in Resources */,
				01230C6E217B228F000F4CD3 /* 杨幂_刘恺威.jpg in Resources */,
				01230C74217B228F000F4CD3 /* 范玮琪_陈建州.jpg in Resources */,
				01230C22217B228F000F4CD3 /* 黄磊_孙莉.jpg in Resources */,
				01230C5A217B228F000F4CD3 /* 小沈阳_沈春阳.jpg in Resources */,
				01230BA0217AC7C9000F4CD3 /* model_couples_v0.00001.tar in Resources */,
				01230C5D217B228F000F4CD3 /* 郭德纲_王惠.jpg in Resources */,
				01230C23217B228F000F4CD3 /* 成龙_林凤娇.jpg in Resources */,
				01230C64217B228F000F4CD3 /* 佟大为_关悦.jpg in Resources */,
				01230C25217B228F000F4CD3 /* 徐熙娣_许雅钧.jpg in Resources */,
				01230C76217B228F000F4CD3 /* 应采儿_陈小春.jpg in Resources */,
				01230C4B217B228F000F4CD3 /* 唐嫣_罗晋.jpg in Resources */,
				01230C3D217B228F000F4CD3 /* 张馨予_何捷.jpg in Resources */,
				01230C34217B228F000F4CD3 /* 李光洁_王珞丹.jpg in Resources */,
				01230C14217B228F000F4CD3 /* 沈梦辰_杜海涛.jpg in Resources */,
				01230C73217B228F000F4CD3 /* 黄晓明_杨颖.jpg in Resources */,
				01230C72217B228F000F4CD3 /* 黄渤_小欧.jpg in Resources */,
				01230C70217B228F000F4CD3 /* 张嘉译_王海燕.jpg in Resources */,
				01230C5E217B228F000F4CD3 /* 孙俪_邓超.jpg in Resources */,
				01230C33217B228F000F4CD3 /* 付辛博_颖儿.jpg in Resources */,
				01230C30217B228F000F4CD3 /* 马伊琍_文章.jpg in Resources */,
				01230C15217B228F000F4CD3 /* 胡杏儿_李乘德.jpg in Resources */,
				01230BB0217B21D6000F4CD3 /* 安以轩_陈荣炼.jpg in Resources */,
				01230C41217B228F000F4CD3 /* 张国立_邓婕.jpg in Resources */,
				01230C27217B228F000F4CD3 /* 林志颖_陈若仪.jpg in Resources */,
				01816C55213972BF00101F0C /* Main.storyboard in Resources */,
				01230C61217B228F000F4CD3 /* 陈赫_张子萱.jpg in Resources */,
				01230C35217B228F000F4CD3 /* 张歆艺_袁弘.jpg in Resources */,
				01230C56217B228F000F4CD3 /* 舒淇_冯德伦.jpg in Resources */,
				01230C1D217B228F000F4CD3 /* 王力宏_李靓蕾.jpg in Resources */,
				01230C3B217B228F000F4CD3 /* 孙艺洲_曹晓雯.jpg in Resources */,
			);
			runOnlyForDeploymentPostprocessing = 0;
		};
/* End PBXResourcesBuildPhase section */

/* Begin PBXShellScriptBuildPhase section */
		7A2F7CE4682CB0041537BD0F /* [CP] Check Pods Manifest.lock */ = {
			isa = PBXShellScriptBuildPhase;
			buildActionMask = 2147483647;
			files = (
			);
			inputPaths = (
				"${PODS_PODFILE_DIR_PATH}/Podfile.lock",
				"${PODS_ROOT}/Manifest.lock",
			);
			name = "[CP] Check Pods Manifest.lock";
			outputPaths = (
				"$(DERIVED_FILE_DIR)/Pods-AI-checkManifestLockResult.txt",
			);
			runOnlyForDeploymentPostprocessing = 0;
			shellPath = /bin/sh;
			shellScript = "diff \"${PODS_PODFILE_DIR_PATH}/Podfile.lock\" \"${PODS_ROOT}/Manifest.lock\" > /dev/null\nif [ $? != 0 ] ; then\n    # print error to STDERR\n    echo \"error: The sandbox is not in sync with the Podfile.lock. Run 'pod install' or update your CocoaPods installation.\" >&2\n    exit 1\nfi\n# This output is used by Xcode 'outputs' to avoid re-running this script phase.\necho \"SUCCESS\" > \"${SCRIPT_OUTPUT_FILE_0}\"\n";
			showEnvVarsInLog = 0;
		};
/* End PBXShellScriptBuildPhase section */

/* Begin PBXSourcesBuildPhase section */
		01816C46213972BF00101F0C /* Sources */ = {
			isa = PBXSourcesBuildPhase;
			buildActionMask = 2147483647;
			files = (
				011A82BE213FF27A00AB2363 /* ViewController.m in Sources */,
				011A82BC213FF27A00AB2363 /* VideoViewController.m in Sources */,
				011A82C9213FFF6800AB2363 /* HomeCell.m in Sources */,
				01509036214530EA00F87B2E /* NetWorking.m in Sources */,
				0150902C2144ECBE00F87B2E /* ConnectSuccessVC.m in Sources */,
				011A82BD213FF27A00AB2363 /* ScanViewController.m in Sources */,
				011A82C6213FF4EC00AB2363 /* HomeVC.m in Sources */,
				011A82C3213FF47500AB2363 /* BaseVC.m in Sources */,
				011A82B2213FF20400AB2363 /* UIViewExt.m in Sources */,
				011A82D12140C84C00AB2363 /* HomeModel.m in Sources */,
				0150902F2144F21100F87B2E /* SceneRecognitionVC.m in Sources */,
				0150901A2143E3F100F87B2E /* XTSheetView.m in Sources */,
				0115CB5821410F37001613E8 /* XTSoundPlayer.m in Sources */,
				01509039214BD59E00F87B2E /* NSString+Extension.m in Sources */,
				015090242144D31D00F87B2E /* AIUtil.m in Sources */,
				01816C5D213972C100101F0C /* main.m in Sources */,
				011A82AF213FF13500AB2363 /* ImageHelper.m in Sources */,
				015090172143D0DA00F87B2E /* BaseNavController.m in Sources */,
				01230BAB217AD3FA000F4CD3 /* UIColor+Common.m in Sources */,
				011A82CC214003B900AB2363 /* NSArray+VAInfo.m in Sources */,
				011A82BF213FF27A00AB2363 /* QRCodeViewController.m in Sources */,
				01816C4F213972BF00101F0C /* AppDelegate.m in Sources */,
			);
			runOnlyForDeploymentPostprocessing = 0;
		};
/* End PBXSourcesBuildPhase section */

/* Begin PBXVariantGroup section */
		01230BA7217ACBE2000F4CD3 /* Localizable.strings */ = {
			isa = PBXVariantGroup;
			children = (
				01230BA6217ACBE2000F4CD3 /* zh-Hans */,
				01230BA8217ACBE8000F4CD3 /* en */,
			);
			name = Localizable.strings;
			sourceTree = "<group>";
		};
		01816C53213972BF00101F0C /* Main.storyboard */ = {
			isa = PBXVariantGroup;
			children = (
				01816C54213972BF00101F0C /* Base */,
				01230BA1217ACB75000F4CD3 /* zh-Hans */,
			);
			name = Main.storyboard;
			sourceTree = "<group>";
		};
		01816C58213972C100101F0C /* LaunchScreen.storyboard */ = {
			isa = PBXVariantGroup;
			children = (
				01816C59213972C100101F0C /* Base */,
				01230BA2217ACB76000F4CD3 /* zh-Hans */,
			);
			name = LaunchScreen.storyboard;
			sourceTree = "<group>";
		};
/* End PBXVariantGroup section */

/* Begin XCBuildConfiguration section */
		01816C5E213972C100101F0C /* Debug */ = {
			isa = XCBuildConfiguration;
			buildSettings = {
				ALWAYS_SEARCH_USER_PATHS = NO;
				CLANG_ANALYZER_LOCALIZABILITY_NONLOCALIZED = YES;
				CLANG_ANALYZER_NONNULL = YES;
				CLANG_ANALYZER_NUMBER_OBJECT_CONVERSION = YES_AGGRESSIVE;
				CLANG_CXX_LANGUAGE_STANDARD = "gnu++14";
				CLANG_CXX_LIBRARY = "libc++";
				CLANG_ENABLE_MODULES = YES;
				CLANG_ENABLE_OBJC_ARC = YES;
				CLANG_ENABLE_OBJC_WEAK = YES;
				CLANG_WARN_BLOCK_CAPTURE_AUTORELEASING = YES;
				CLANG_WARN_BOOL_CONVERSION = YES;
				CLANG_WARN_COMMA = YES;
				CLANG_WARN_CONSTANT_CONVERSION = YES;
				CLANG_WARN_DEPRECATED_OBJC_IMPLEMENTATIONS = YES;
				CLANG_WARN_DIRECT_OBJC_ISA_USAGE = YES_ERROR;
				CLANG_WARN_DOCUMENTATION_COMMENTS = YES;
				CLANG_WARN_EMPTY_BODY = YES;
				CLANG_WARN_ENUM_CONVERSION = YES;
				CLANG_WARN_INFINITE_RECURSION = YES;
				CLANG_WARN_INT_CONVERSION = YES;
				CLANG_WARN_NON_LITERAL_NULL_CONVERSION = YES;
				CLANG_WARN_OBJC_IMPLICIT_RETAIN_SELF = YES;
				CLANG_WARN_OBJC_LITERAL_CONVERSION = YES;
				CLANG_WARN_OBJC_ROOT_CLASS = YES_ERROR;
				CLANG_WARN_RANGE_LOOP_ANALYSIS = YES;
				CLANG_WARN_STRICT_PROTOTYPES = YES;
				CLANG_WARN_SUSPICIOUS_MOVE = YES;
				CLANG_WARN_UNGUARDED_AVAILABILITY = YES_AGGRESSIVE;
				CLANG_WARN_UNREACHABLE_CODE = YES;
				CLANG_WARN__DUPLICATE_METHOD_MATCH = YES;
				CODE_SIGN_IDENTITY = "iPhone Developer";
				COPY_PHASE_STRIP = NO;
				DEBUG_INFORMATION_FORMAT = dwarf;
				ENABLE_STRICT_OBJC_MSGSEND = YES;
				ENABLE_TESTABILITY = YES;
				GCC_C_LANGUAGE_STANDARD = gnu11;
				GCC_DYNAMIC_NO_PIC = NO;
				GCC_INCREASE_PRECOMPILED_HEADER_SHARING = NO;
				GCC_NO_COMMON_BLOCKS = YES;
				GCC_OPTIMIZATION_LEVEL = 0;
				GCC_PRECOMPILE_PREFIX_HEADER = YES;
				GCC_PREFIX_HEADER = AI/PrefixHeader.pch;
				GCC_PREPROCESSOR_DEFINITIONS = (
					"DEBUG=1",
					"$(inherited)",
				);
				GCC_WARN_64_TO_32_BIT_CONVERSION = YES;
				GCC_WARN_ABOUT_RETURN_TYPE = YES_ERROR;
				GCC_WARN_UNDECLARED_SELECTOR = YES;
				GCC_WARN_UNINITIALIZED_AUTOS = YES_AGGRESSIVE;
				GCC_WARN_UNUSED_FUNCTION = YES;
				GCC_WARN_UNUSED_VARIABLE = YES;
				IPHONEOS_DEPLOYMENT_TARGET = 11.3;
				MTL_ENABLE_DEBUG_INFO = YES;
				ONLY_ACTIVE_ARCH = YES;
				SDKROOT = iphoneos;
			};
			name = Debug;
		};
		01816C5F213972C100101F0C /* Release */ = {
			isa = XCBuildConfiguration;
			buildSettings = {
				ALWAYS_SEARCH_USER_PATHS = NO;
				CLANG_ANALYZER_LOCALIZABILITY_NONLOCALIZED = YES;
				CLANG_ANALYZER_NONNULL = YES;
				CLANG_ANALYZER_NUMBER_OBJECT_CONVERSION = YES_AGGRESSIVE;
				CLANG_CXX_LANGUAGE_STANDARD = "gnu++14";
				CLANG_CXX_LIBRARY = "libc++";
				CLANG_ENABLE_MODULES = YES;
				CLANG_ENABLE_OBJC_ARC = YES;
				CLANG_ENABLE_OBJC_WEAK = YES;
				CLANG_WARN_BLOCK_CAPTURE_AUTORELEASING = YES;
				CLANG_WARN_BOOL_CONVERSION = YES;
				CLANG_WARN_COMMA = YES;
				CLANG_WARN_CONSTANT_CONVERSION = YES;
				CLANG_WARN_DEPRECATED_OBJC_IMPLEMENTATIONS = YES;
				CLANG_WARN_DIRECT_OBJC_ISA_USAGE = YES_ERROR;
				CLANG_WARN_DOCUMENTATION_COMMENTS = YES;
				CLANG_WARN_EMPTY_BODY = YES;
				CLANG_WARN_ENUM_CONVERSION = YES;
				CLANG_WARN_INFINITE_RECURSION = YES;
				CLANG_WARN_INT_CONVERSION = YES;
				CLANG_WARN_NON_LITERAL_NULL_CONVERSION = YES;
				CLANG_WARN_OBJC_IMPLICIT_RETAIN_SELF = YES;
				CLANG_WARN_OBJC_LITERAL_CONVERSION = YES;
				CLANG_WARN_OBJC_ROOT_CLASS = YES_ERROR;
				CLANG_WARN_RANGE_LOOP_ANALYSIS = YES;
				CLANG_WARN_STRICT_PROTOTYPES = YES;
				CLANG_WARN_SUSPICIOUS_MOVE = YES;
				CLANG_WARN_UNGUARDED_AVAILABILITY = YES_AGGRESSIVE;
				CLANG_WARN_UNREACHABLE_CODE = YES;
				CLANG_WARN__DUPLICATE_METHOD_MATCH = YES;
				CODE_SIGN_IDENTITY = "iPhone Developer";
				COPY_PHASE_STRIP = NO;
				DEBUG_INFORMATION_FORMAT = "dwarf-with-dsym";
				ENABLE_NS_ASSERTIONS = NO;
				ENABLE_STRICT_OBJC_MSGSEND = YES;
				GCC_C_LANGUAGE_STANDARD = gnu11;
				GCC_INCREASE_PRECOMPILED_HEADER_SHARING = NO;
				GCC_NO_COMMON_BLOCKS = YES;
				GCC_PRECOMPILE_PREFIX_HEADER = YES;
				GCC_PREFIX_HEADER = AI/PrefixHeader.pch;
				GCC_WARN_64_TO_32_BIT_CONVERSION = YES;
				GCC_WARN_ABOUT_RETURN_TYPE = YES_ERROR;
				GCC_WARN_UNDECLARED_SELECTOR = YES;
				GCC_WARN_UNINITIALIZED_AUTOS = YES_AGGRESSIVE;
				GCC_WARN_UNUSED_FUNCTION = YES;
				GCC_WARN_UNUSED_VARIABLE = YES;
				IPHONEOS_DEPLOYMENT_TARGET = 11.3;
				MTL_ENABLE_DEBUG_INFO = NO;
				SDKROOT = iphoneos;
				VALIDATE_PRODUCT = YES;
			};
			name = Release;
		};
		01816C61213972C100101F0C /* Debug */ = {
			isa = XCBuildConfiguration;
			baseConfigurationReference = 1B5415FA0048511A8860F7D9 /* Pods-AI.debug.xcconfig */;
			buildSettings = {
				ASSETCATALOG_COMPILER_APPICON_NAME = AppIcon;
				CODE_SIGN_IDENTITY = "iPhone Developer";
				CODE_SIGN_STYLE = Automatic;
				DEVELOPMENT_TEAM = 62748U543U;
				GCC_PREFIX_HEADER = AI/PrefixHeader.pch;
				INFOPLIST_FILE = AI/Info.plist;
				IPHONEOS_DEPLOYMENT_TARGET = 8.0;
				LD_RUNPATH_SEARCH_PATHS = (
					"$(inherited)",
					"@executable_path/Frameworks",
				);
				PRODUCT_BUNDLE_IDENTIFIER = com.kxg.kaixingou123;
				PRODUCT_NAME = "$(TARGET_NAME)";
				PROVISIONING_PROFILE = "";
				PROVISIONING_PROFILE_SPECIFIER = "";
				TARGETED_DEVICE_FAMILY = "1,2";
			};
			name = Debug;
		};
		01816C62213972C100101F0C /* Release */ = {
			isa = XCBuildConfiguration;
			baseConfigurationReference = E0AA4C05CB9F07A7694E44CB /* Pods-AI.release.xcconfig */;
			buildSettings = {
				ASSETCATALOG_COMPILER_APPICON_NAME = AppIcon;
				CODE_SIGN_IDENTITY = "iPhone Developer";
				CODE_SIGN_STYLE = Automatic;
				DEVELOPMENT_TEAM = 62748U543U;
				GCC_PREFIX_HEADER = AI/PrefixHeader.pch;
				INFOPLIST_FILE = AI/Info.plist;
				IPHONEOS_DEPLOYMENT_TARGET = 8.0;
				LD_RUNPATH_SEARCH_PATHS = (
					"$(inherited)",
					"@executable_path/Frameworks",
				);
				PRODUCT_BUNDLE_IDENTIFIER = com.kxg.kaixingou123;
				PRODUCT_NAME = "$(TARGET_NAME)";
				PROVISIONING_PROFILE_SPECIFIER = "";
				TARGETED_DEVICE_FAMILY = "1,2";
			};
			name = Release;
		};
/* End XCBuildConfiguration section */

/* Begin XCConfigurationList section */
		01816C45213972BF00101F0C /* Build configuration list for PBXProject "AI" */ = {
			isa = XCConfigurationList;
			buildConfigurations = (
				01816C5E213972C100101F0C /* Debug */,
				01816C5F213972C100101F0C /* Release */,
			);
			defaultConfigurationIsVisible = 0;
			defaultConfigurationName = Release;
		};
		01816C60213972C100101F0C /* Build configuration list for PBXNativeTarget "AI" */ = {
			isa = XCConfigurationList;
			buildConfigurations = (
				01816C61213972C100101F0C /* Debug */,
				01816C62213972C100101F0C /* Release */,
			);
			defaultConfigurationIsVisible = 0;
			defaultConfigurationName = Release;
		};
/* End XCConfigurationList section */
	};
	rootObject = 01816C42213972BF00101F0C /* Project object */;
}
